// !$*UTF8*$!
{
	archiveVersion = 1;
	classes = {
	};
	objectVersion = 50;
	objects = {

/* Begin PBXBuildFile section */
		19512D6752225C7645AB3589 /* libPods-JFDemo.a in Frameworks */ = {isa = PBXBuildFile; fileRef = 7561A8D3F04DD3CA545578CE /* libPods-JFDemo.a */; };
		DA11551A2788233E001AF07F /* TCJProxy.m in Sources */ = {isa = PBXBuildFile; fileRef = DA1155192788233E001AF07F /* TCJProxy.m */; };
		DA115522278C56A1001AF07F /* JFCalculator.m in Sources */ = {isa = PBXBuildFile; fileRef = DA115521278C56A1001AF07F /* JFCalculator.m */; };
		DA115525278C577F001AF07F /* ChainTestViewController.m in Sources */ = {isa = PBXBuildFile; fileRef = DA115524278C577F001AF07F /* ChainTestViewController.m */; };
		DA115527278D124E001AF07F /* Swift01ViewController.swift in Sources */ = {isa = PBXBuildFile; fileRef = DA115526278D124E001AF07F /* Swift01ViewController.swift */; };
		DA115529278D1BFA001AF07F /* SwiftOverrideViewController.swift in Sources */ = {isa = PBXBuildFile; fileRef = DA115528278D1BFA001AF07F /* SwiftOverrideViewController.swift */; };
		DA9BACA227732B8A0006E5B0 /* YSCOperation.m in Sources */ = {isa = PBXBuildFile; fileRef = DA9BAC5927732B880006E5B0 /* YSCOperation.m */; };
		DA9BACA327732B8A0006E5B0 /* GCD01ViewController.m in Sources */ = {isa = PBXBuildFile; fileRef = DA9BAC5C27732B880006E5B0 /* GCD01ViewController.m */; };
		DA9BACA427732B8A0006E5B0 /* NSOperation01ViewController.m in Sources */ = {isa = PBXBuildFile; fileRef = DA9BAC5D27732B880006E5B0 /* NSOperation01ViewController.m */; };
		DA9BACA527732B8A0006E5B0 /* GCD_SlowViewController.m in Sources */ = {isa = PBXBuildFile; fileRef = DA9BAC5F27732B880006E5B0 /* GCD_SlowViewController.m */; };
		DA9BACA627732B8A0006E5B0 /* GCD04ViewController.m in Sources */ = {isa = PBXBuildFile; fileRef = DA9BAC6027732B880006E5B0 /* GCD04ViewController.m */; };
		DA9BACA727732B8A0006E5B0 /* NSOperation04ViewController.m in Sources */ = {isa = PBXBuildFile; fileRef = DA9BAC6127732B880006E5B0 /* NSOperation04ViewController.m */; };
		DA9BACA827732B8A0006E5B0 /* NSOperation03ViewController.m in Sources */ = {isa = PBXBuildFile; fileRef = DA9BAC6227732B880006E5B0 /* NSOperation03ViewController.m */; };
		DA9BACA927732B8A0006E5B0 /* GCD03ViewController.m in Sources */ = {isa = PBXBuildFile; fileRef = DA9BAC6327732B880006E5B0 /* GCD03ViewController.m */; };
		DA9BACAA27732B8A0006E5B0 /* NSOperation02ViewController.m in Sources */ = {isa = PBXBuildFile; fileRef = DA9BAC6427732B880006E5B0 /* NSOperation02ViewController.m */; };
		DA9BACAB27732B8A0006E5B0 /* GCD02ViewController.m in Sources */ = {isa = PBXBuildFile; fileRef = DA9BAC6527732B880006E5B0 /* GCD02ViewController.m */; };
		DA9BACAC27732B8A0006E5B0 /* GCD05ViewController.m in Sources */ = {isa = PBXBuildFile; fileRef = DA9BAC6927732B880006E5B0 /* GCD05ViewController.m */; };
		DA9BACAD27732B8A0006E5B0 /* NSOperation05ViewController.m in Sources */ = {isa = PBXBuildFile; fileRef = DA9BAC6A27732B880006E5B0 /* NSOperation05ViewController.m */; };
		DA9BACAE27732B8A0006E5B0 /* SecViewController.m in Sources */ = {isa = PBXBuildFile; fileRef = DA9BAC6E27732B880006E5B0 /* SecViewController.m */; };
		DA9BACAF27732B8A0006E5B0 /* FirstViewController.m in Sources */ = {isa = PBXBuildFile; fileRef = DA9BAC7127732B880006E5B0 /* FirstViewController.m */; };
		DA9BACB027732B8A0006E5B0 /* the04ViewController.m in Sources */ = {isa = PBXBuildFile; fileRef = DA9BAC7327732B880006E5B0 /* the04ViewController.m */; };
		DA9BACB127732B8A0006E5B0 /* ThirdViewController.m in Sources */ = {isa = PBXBuildFile; fileRef = DA9BAC7427732B880006E5B0 /* ThirdViewController.m */; };
		DA9BACB227732B8A0006E5B0 /* ChildViewController.swift in Sources */ = {isa = PBXBuildFile; fileRef = DA9BAC7527732B880006E5B0 /* ChildViewController.swift */; };
		DA9BACB427732B8A0006E5B0 /* Pthread01ViewController.m in Sources */ = {isa = PBXBuildFile; fileRef = DA9BAC7827732B890006E5B0 /* Pthread01ViewController.m */; };
		DA9BACB527732B8A0006E5B0 /* NSThread01ViewController.m in Sources */ = {isa = PBXBuildFile; fileRef = DA9BAC7A27732B890006E5B0 /* NSThread01ViewController.m */; };
		DA9BACB627732B8A0006E5B0 /* NSThread03ViewController.m in Sources */ = {isa = PBXBuildFile; fileRef = DA9BAC7C27732B890006E5B0 /* NSThread03ViewController.m */; };
		DA9BACB727732B8A0006E5B0 /* NSThread02ViewController.m in Sources */ = {isa = PBXBuildFile; fileRef = DA9BAC7F27732B890006E5B0 /* NSThread02ViewController.m */; };
		DA9BACB827732B8A0006E5B0 /* JF01ViewController.m in Sources */ = {isa = PBXBuildFile; fileRef = DA9BAC8227732B890006E5B0 /* JF01ViewController.m */; };
		DA9BACB927732B8A0006E5B0 /* JF03ViewController.m in Sources */ = {isa = PBXBuildFile; fileRef = DA9BAC8427732B890006E5B0 /* JF03ViewController.m */; };
		DA9BACBA27732B8A0006E5B0 /* JF02ViewController.m in Sources */ = {isa = PBXBuildFile; fileRef = DA9BAC8627732B890006E5B0 /* JF02ViewController.m */; };
		DA9BACBB27732B8A0006E5B0 /* Blocks01ViewController.m in Sources */ = {isa = PBXBuildFile; fileRef = DA9BAC8827732B890006E5B0 /* Blocks01ViewController.m */; };
		DA9BACBC27732B8A0006E5B0 /* Blocks02ViewController.m in Sources */ = {isa = PBXBuildFile; fileRef = DA9BAC8B27732B890006E5B0 /* Blocks02ViewController.m */; };
		DA9BACBD27732B8A0006E5B0 /* Runtime02ViewController.m in Sources */ = {isa = PBXBuildFile; fileRef = DA9BAC8E27732B890006E5B0 /* Runtime02ViewController.m */; };
		DA9BACBE27732B8A0006E5B0 /* Runtime01ViewController.m in Sources */ = {isa = PBXBuildFile; fileRef = DA9BAC8F27732B890006E5B0 /* Runtime01ViewController.m */; };
		DA9BACBF27732B8A0006E5B0 /* ObjectViewController.m in Sources */ = {isa = PBXBuildFile; fileRef = DA9BAC9227732B8A0006E5B0 /* ObjectViewController.m */; };
		DA9BACC027732B8A0006E5B0 /* ObjectQuestionViewController.m in Sources */ = {isa = PBXBuildFile; fileRef = DA9BAC9527732B8A0006E5B0 /* ObjectQuestionViewController.m */; };
		DA9BACC127732B8A0006E5B0 /* ArrayViewController.m in Sources */ = {isa = PBXBuildFile; fileRef = DA9BAC9827732B8A0006E5B0 /* ArrayViewController.m */; };
		DA9BACC227732B8A0006E5B0 /* DictionaryViewController.m in Sources */ = {isa = PBXBuildFile; fileRef = DA9BAC9927732B8A0006E5B0 /* DictionaryViewController.m */; };
		DA9BACC327732B8A0006E5B0 /* StringViewController.m in Sources */ = {isa = PBXBuildFile; fileRef = DA9BAC9A27732B8A0006E5B0 /* StringViewController.m */; };
		DA9BACC427732B8A0006E5B0 /* OtherViewController.m in Sources */ = {isa = PBXBuildFile; fileRef = DA9BAC9C27732B8A0006E5B0 /* OtherViewController.m */; };
		DA9BACC527732B8A0006E5B0 /* RunLoop01ViewController.m in Sources */ = {isa = PBXBuildFile; fileRef = DA9BACA027732B8A0006E5B0 /* RunLoop01ViewController.m */; };
		DA9BACC727732C080006E5B0 /* OneViewController.swift in Sources */ = {isa = PBXBuildFile; fileRef = DA9BACC627732C080006E5B0 /* OneViewController.swift */; };
		DA9BACC827732C860006E5B0 /* JFDemo-Bridging-Header.h in Sources */ = {isa = PBXBuildFile; fileRef = DAA8B2F325E4EB1100E6AC1A /* JFDemo-Bridging-Header.h */; };
		DA9BACE827732D4C0006E5B0 /* http1ViewController.m in Sources */ = {isa = PBXBuildFile; fileRef = DA9BACCA27732D4B0006E5B0 /* http1ViewController.m */; };
		DA9BACE927732D4C0006E5B0 /* BaseViewController.m in Sources */ = {isa = PBXBuildFile; fileRef = DA9BACCB27732D4B0006E5B0 /* BaseViewController.m */; };
		DA9BACEA27732D4C0006E5B0 /* LoginViewController.m in Sources */ = {isa = PBXBuildFile; fileRef = DA9BACCC27732D4B0006E5B0 /* LoginViewController.m */; };
		DA9BACEB27732D4C0006E5B0 /* NSURLConnectiongViewController.m in Sources */ = {isa = PBXBuildFile; fileRef = DA9BACD327732D4C0006E5B0 /* NSURLConnectiongViewController.m */; };
		DA9BACEC27732D4C0006E5B0 /* http2ViewController.m in Sources */ = {isa = PBXBuildFile; fileRef = DA9BACD427732D4C0006E5B0 /* http2ViewController.m */; };
		DA9BACED27732D4C0006E5B0 /* http5ViewController.m in Sources */ = {isa = PBXBuildFile; fileRef = DA9BACD927732D4C0006E5B0 /* http5ViewController.m */; };
		DA9BACEE27732D4C0006E5B0 /* http4ViewController.m in Sources */ = {isa = PBXBuildFile; fileRef = DA9BACDA27732D4C0006E5B0 /* http4ViewController.m */; };
		DA9BACEF27732D4C0006E5B0 /* NSURLSessionViewController.m in Sources */ = {isa = PBXBuildFile; fileRef = DA9BACDC27732D4C0006E5B0 /* NSURLSessionViewController.m */; };
		DA9BACF027732D4C0006E5B0 /* http3ViewController.m in Sources */ = {isa = PBXBuildFile; fileRef = DA9BACDF27732D4C0006E5B0 /* http3ViewController.m */; };
		DA9BACF127732D4C0006E5B0 /* XLEncrypt.m in Sources */ = {isa = PBXBuildFile; fileRef = DA9BACE127732D4C0006E5B0 /* XLEncrypt.m */; };
		DA9BACF227732D4C0006E5B0 /* NSString+XL.m in Sources */ = {isa = PBXBuildFile; fileRef = DA9BACE227732D4C0006E5B0 /* NSString+XL.m */; };
		DA9BACF327732D4C0006E5B0 /* GTMBase64.m in Sources */ = {isa = PBXBuildFile; fileRef = DA9BACE727732D4C0006E5B0 /* GTMBase64.m */; };
		DA9BACF527732D700006E5B0 /* twoViewController.swift in Sources */ = {isa = PBXBuildFile; fileRef = DA9BACF427732D700006E5B0 /* twoViewController.swift */; };
		DA9BACF927732DEF0006E5B0 /* OCViewController.m in Sources */ = {isa = PBXBuildFile; fileRef = DA9BACF827732DEF0006E5B0 /* OCViewController.m */; };
		DA9BAD0127740DAC0006E5B0 /* JFGCDSwiftViewController.swift in Sources */ = {isa = PBXBuildFile; fileRef = DA9BAD0027740DAC0006E5B0 /* JFGCDSwiftViewController.swift */; };
		DA9BAD0F277C491D0006E5B0 /* LuojiViewController.m in Sources */ = {isa = PBXBuildFile; fileRef = DA9BAD0E277C491D0006E5B0 /* LuojiViewController.m */; };
		DAA8B2DE25E4E4E100E6AC1A /* AppDelegate.swift in Sources */ = {isa = PBXBuildFile; fileRef = DAA8B2DD25E4E4E100E6AC1A /* AppDelegate.swift */; };
		DAA8B2E025E4E4E100E6AC1A /* SceneDelegate.swift in Sources */ = {isa = PBXBuildFile; fileRef = DAA8B2DF25E4E4E100E6AC1A /* SceneDelegate.swift */; };
		DAA8B2E225E4E4E100E6AC1A /* ViewController.swift in Sources */ = {isa = PBXBuildFile; fileRef = DAA8B2E125E4E4E100E6AC1A /* ViewController.swift */; };
		DAA8B2E525E4E4E100E6AC1A /* Main.storyboard in Resources */ = {isa = PBXBuildFile; fileRef = DAA8B2E325E4E4E100E6AC1A /* Main.storyboard */; };
		DAA8B2E725E4E4E600E6AC1A /* Assets.xcassets in Resources */ = {isa = PBXBuildFile; fileRef = DAA8B2E625E4E4E600E6AC1A /* Assets.xcassets */; };
		DAA8B2EA25E4E4E600E6AC1A /* LaunchScreen.storyboard in Resources */ = {isa = PBXBuildFile; fileRef = DAA8B2E825E4E4E600E6AC1A /* LaunchScreen.storyboard */; };
		DAA8B2F625E4EB1100E6AC1A /* TestViewController.m in Sources */ = {isa = PBXBuildFile; fileRef = DAA8B2F525E4EB1100E6AC1A /* TestViewController.m */; };
		DAA8B2F925E6217F00E6AC1A /* JFMVVMViewController.m in Sources */ = {isa = PBXBuildFile; fileRef = DAA8B2F825E6217F00E6AC1A /* JFMVVMViewController.m */; };
		DAA8B2FC25E623DB00E6AC1A /* User.m in Sources */ = {isa = PBXBuildFile; fileRef = DAA8B2FB25E623DB00E6AC1A /* User.m */; };
		DAA8B2FF25E6242B00E6AC1A /* UserViewModel.m in Sources */ = {isa = PBXBuildFile; fileRef = DAA8B2FE25E6242B00E6AC1A /* UserViewModel.m */; };
		DAE5B15E278818BC004DBF83 /* NSTimerViewController.m in Sources */ = {isa = PBXBuildFile; fileRef = DAE5B15D278818BC004DBF83 /* NSTimerViewController.m */; };
/* End PBXBuildFile section */

/* Begin PBXFileReference section */
		7561A8D3F04DD3CA545578CE /* libPods-JFDemo.a */ = {isa = PBXFileReference; explicitFileType = archive.ar; includeInIndex = 0; path = "libPods-JFDemo.a"; sourceTree = BUILT_PRODUCTS_DIR; };
		95D6C3E0C82CD5CC8889B01B /* Pods-JFDemo.debug.xcconfig */ = {isa = PBXFileReference; includeInIndex = 1; lastKnownFileType = text.xcconfig; name = "Pods-JFDemo.debug.xcconfig"; path = "Target Support Files/Pods-JFDemo/Pods-JFDemo.debug.xcconfig"; sourceTree = "<group>"; };
		A5BDC09F132E8FC69017E1C6 /* Pods-JFDemo.release.xcconfig */ = {isa = PBXFileReference; includeInIndex = 1; lastKnownFileType = text.xcconfig; name = "Pods-JFDemo.release.xcconfig"; path = "Target Support Files/Pods-JFDemo/Pods-JFDemo.release.xcconfig"; sourceTree = "<group>"; };
		DA1155182788233E001AF07F /* TCJProxy.h */ = {isa = PBXFileReference; lastKnownFileType = sourcecode.c.h; path = TCJProxy.h; sourceTree = "<group>"; };
		DA1155192788233E001AF07F /* TCJProxy.m */ = {isa = PBXFileReference; lastKnownFileType = sourcecode.c.objc; path = TCJProxy.m; sourceTree = "<group>"; };
		DA115520278C56A1001AF07F /* JFCalculator.h */ = {isa = PBXFileReference; lastKnownFileType = sourcecode.c.h; path = JFCalculator.h; sourceTree = "<group>"; };
		DA115521278C56A1001AF07F /* JFCalculator.m */ = {isa = PBXFileReference; lastKnownFileType = sourcecode.c.objc; path = JFCalculator.m; sourceTree = "<group>"; };
		DA115523278C577F001AF07F /* ChainTestViewController.h */ = {isa = PBXFileReference; lastKnownFileType = sourcecode.c.h; path = ChainTestViewController.h; sourceTree = "<group>"; };
		DA115524278C577F001AF07F /* ChainTestViewController.m */ = {isa = PBXFileReference; lastKnownFileType = sourcecode.c.objc; path = ChainTestViewController.m; sourceTree = "<group>"; };
		DA115526278D124E001AF07F /* Swift01ViewController.swift */ = {isa = PBXFileReference; lastKnownFileType = sourcecode.swift; path = Swift01ViewController.swift; sourceTree = "<group>"; };
		DA115528278D1BFA001AF07F /* SwiftOverrideViewController.swift */ = {isa = PBXFileReference; lastKnownFileType = sourcecode.swift; path = SwiftOverrideViewController.swift; sourceTree = "<group>"; };
		DA9BAC5427732B880006E5B0 /* NSOperation04ViewController.h */ = {isa = PBXFileReference; fileEncoding = 4; lastKnownFileType = sourcecode.c.h; path = NSOperation04ViewController.h; sourceTree = "<group>"; };
		DA9BAC5527732B880006E5B0 /* GCD04ViewController.h */ = {isa = PBXFileReference; fileEncoding = 4; lastKnownFileType = sourcecode.c.h; path = GCD04ViewController.h; sourceTree = "<group>"; };
		DA9BAC5627732B880006E5B0 /* GCD03ViewController.h */ = {isa = PBXFileReference; fileEncoding = 4; lastKnownFileType = sourcecode.c.h; path = GCD03ViewController.h; sourceTree = "<group>"; };
		DA9BAC5727732B880006E5B0 /* NSOperation03ViewController.h */ = {isa = PBXFileReference; fileEncoding = 4; lastKnownFileType = sourcecode.c.h; path = NSOperation03ViewController.h; sourceTree = "<group>"; };
		DA9BAC5827732B880006E5B0 /* GCD02ViewController.h */ = {isa = PBXFileReference; fileEncoding = 4; lastKnownFileType = sourcecode.c.h; path = GCD02ViewController.h; sourceTree = "<group>"; };
		DA9BAC5927732B880006E5B0 /* YSCOperation.m */ = {isa = PBXFileReference; fileEncoding = 4; lastKnownFileType = sourcecode.c.objc; path = YSCOperation.m; sourceTree = "<group>"; };
		DA9BAC5A27732B880006E5B0 /* NSOperation02ViewController.h */ = {isa = PBXFileReference; fileEncoding = 4; lastKnownFileType = sourcecode.c.h; path = NSOperation02ViewController.h; sourceTree = "<group>"; };
		DA9BAC5B27732B880006E5B0 /* NSOperation05ViewController.h */ = {isa = PBXFileReference; fileEncoding = 4; lastKnownFileType = sourcecode.c.h; path = NSOperation05ViewController.h; sourceTree = "<group>"; };
		DA9BAC5C27732B880006E5B0 /* GCD01ViewController.m */ = {isa = PBXFileReference; fileEncoding = 4; lastKnownFileType = sourcecode.c.objc; path = GCD01ViewController.m; sourceTree = "<group>"; };
		DA9BAC5D27732B880006E5B0 /* NSOperation01ViewController.m */ = {isa = PBXFileReference; fileEncoding = 4; lastKnownFileType = sourcecode.c.objc; path = NSOperation01ViewController.m; sourceTree = "<group>"; };
		DA9BAC5E27732B880006E5B0 /* GCD05ViewController.h */ = {isa = PBXFileReference; fileEncoding = 4; lastKnownFileType = sourcecode.c.h; path = GCD05ViewController.h; sourceTree = "<group>"; };
		DA9BAC5F27732B880006E5B0 /* GCD_SlowViewController.m */ = {isa = PBXFileReference; fileEncoding = 4; lastKnownFileType = sourcecode.c.objc; path = GCD_SlowViewController.m; sourceTree = "<group>"; };
		DA9BAC6027732B880006E5B0 /* GCD04ViewController.m */ = {isa = PBXFileReference; fileEncoding = 4; lastKnownFileType = sourcecode.c.objc; path = GCD04ViewController.m; sourceTree = "<group>"; };
		DA9BAC6127732B880006E5B0 /* NSOperation04ViewController.m */ = {isa = PBXFileReference; fileEncoding = 4; lastKnownFileType = sourcecode.c.objc; path = NSOperation04ViewController.m; sourceTree = "<group>"; };
		DA9BAC6227732B880006E5B0 /* NSOperation03ViewController.m */ = {isa = PBXFileReference; fileEncoding = 4; lastKnownFileType = sourcecode.c.objc; path = NSOperation03ViewController.m; sourceTree = "<group>"; };
		DA9BAC6327732B880006E5B0 /* GCD03ViewController.m */ = {isa = PBXFileReference; fileEncoding = 4; lastKnownFileType = sourcecode.c.objc; path = GCD03ViewController.m; sourceTree = "<group>"; };
		DA9BAC6427732B880006E5B0 /* NSOperation02ViewController.m */ = {isa = PBXFileReference; fileEncoding = 4; lastKnownFileType = sourcecode.c.objc; path = NSOperation02ViewController.m; sourceTree = "<group>"; };
		DA9BAC6527732B880006E5B0 /* GCD02ViewController.m */ = {isa = PBXFileReference; fileEncoding = 4; lastKnownFileType = sourcecode.c.objc; path = GCD02ViewController.m; sourceTree = "<group>"; };
		DA9BAC6627732B880006E5B0 /* YSCOperation.h */ = {isa = PBXFileReference; fileEncoding = 4; lastKnownFileType = sourcecode.c.h; path = YSCOperation.h; sourceTree = "<group>"; };
		DA9BAC6727732B880006E5B0 /* GCD_SlowViewController.h */ = {isa = PBXFileReference; fileEncoding = 4; lastKnownFileType = sourcecode.c.h; path = GCD_SlowViewController.h; sourceTree = "<group>"; };
		DA9BAC6827732B880006E5B0 /* NSOperation01ViewController.h */ = {isa = PBXFileReference; fileEncoding = 4; lastKnownFileType = sourcecode.c.h; path = NSOperation01ViewController.h; sourceTree = "<group>"; };
		DA9BAC6927732B880006E5B0 /* GCD05ViewController.m */ = {isa = PBXFileReference; fileEncoding = 4; lastKnownFileType = sourcecode.c.objc; path = GCD05ViewController.m; sourceTree = "<group>"; };
		DA9BAC6A27732B880006E5B0 /* NSOperation05ViewController.m */ = {isa = PBXFileReference; fileEncoding = 4; lastKnownFileType = sourcecode.c.objc; path = NSOperation05ViewController.m; sourceTree = "<group>"; };
		DA9BAC6B27732B880006E5B0 /* GCD01ViewController.h */ = {isa = PBXFileReference; fileEncoding = 4; lastKnownFileType = sourcecode.c.h; path = GCD01ViewController.h; sourceTree = "<group>"; };
		DA9BAC6D27732B880006E5B0 /* FirstViewController.h */ = {isa = PBXFileReference; fileEncoding = 4; lastKnownFileType = sourcecode.c.h; path = FirstViewController.h; sourceTree = "<group>"; };
		DA9BAC6E27732B880006E5B0 /* SecViewController.m */ = {isa = PBXFileReference; fileEncoding = 4; lastKnownFileType = sourcecode.c.objc; path = SecViewController.m; sourceTree = "<group>"; };
		DA9BAC6F27732B880006E5B0 /* the04ViewController.h */ = {isa = PBXFileReference; fileEncoding = 4; lastKnownFileType = sourcecode.c.h; path = the04ViewController.h; sourceTree = "<group>"; };
		DA9BAC7027732B880006E5B0 /* ThirdViewController.h */ = {isa = PBXFileReference; fileEncoding = 4; lastKnownFileType = sourcecode.c.h; path = ThirdViewController.h; sourceTree = "<group>"; };
		DA9BAC7127732B880006E5B0 /* FirstViewController.m */ = {isa = PBXFileReference; fileEncoding = 4; lastKnownFileType = sourcecode.c.objc; path = FirstViewController.m; sourceTree = "<group>"; };
		DA9BAC7227732B880006E5B0 /* SecViewController.h */ = {isa = PBXFileReference; fileEncoding = 4; lastKnownFileType = sourcecode.c.h; path = SecViewController.h; sourceTree = "<group>"; };
		DA9BAC7327732B880006E5B0 /* the04ViewController.m */ = {isa = PBXFileReference; fileEncoding = 4; lastKnownFileType = sourcecode.c.objc; path = the04ViewController.m; sourceTree = "<group>"; };
		DA9BAC7427732B880006E5B0 /* ThirdViewController.m */ = {isa = PBXFileReference; fileEncoding = 4; lastKnownFileType = sourcecode.c.objc; path = ThirdViewController.m; sourceTree = "<group>"; };
		DA9BAC7527732B880006E5B0 /* ChildViewController.swift */ = {isa = PBXFileReference; fileEncoding = 4; lastKnownFileType = sourcecode.swift; path = ChildViewController.swift; sourceTree = "<group>"; };
		DA9BAC7827732B890006E5B0 /* Pthread01ViewController.m */ = {isa = PBXFileReference; fileEncoding = 4; lastKnownFileType = sourcecode.c.objc; path = Pthread01ViewController.m; sourceTree = "<group>"; };
		DA9BAC7927732B890006E5B0 /* NSThread03ViewController.h */ = {isa = PBXFileReference; fileEncoding = 4; lastKnownFileType = sourcecode.c.h; path = NSThread03ViewController.h; sourceTree = "<group>"; };
		DA9BAC7A27732B890006E5B0 /* NSThread01ViewController.m */ = {isa = PBXFileReference; fileEncoding = 4; lastKnownFileType = sourcecode.c.objc; path = NSThread01ViewController.m; sourceTree = "<group>"; };
		DA9BAC7B27732B890006E5B0 /* NSThread02ViewController.h */ = {isa = PBXFileReference; fileEncoding = 4; lastKnownFileType = sourcecode.c.h; path = NSThread02ViewController.h; sourceTree = "<group>"; };
		DA9BAC7C27732B890006E5B0 /* NSThread03ViewController.m */ = {isa = PBXFileReference; fileEncoding = 4; lastKnownFileType = sourcecode.c.objc; path = NSThread03ViewController.m; sourceTree = "<group>"; };
		DA9BAC7D27732B890006E5B0 /* Pthread01ViewController.h */ = {isa = PBXFileReference; fileEncoding = 4; lastKnownFileType = sourcecode.c.h; path = Pthread01ViewController.h; sourceTree = "<group>"; };
		DA9BAC7E27732B890006E5B0 /* NSThread01ViewController.h */ = {isa = PBXFileReference; fileEncoding = 4; lastKnownFileType = sourcecode.c.h; path = NSThread01ViewController.h; sourceTree = "<group>"; };
		DA9BAC7F27732B890006E5B0 /* NSThread02ViewController.m */ = {isa = PBXFileReference; fileEncoding = 4; lastKnownFileType = sourcecode.c.objc; path = NSThread02ViewController.m; sourceTree = "<group>"; };
		DA9BAC8127732B890006E5B0 /* JF03ViewController.h */ = {isa = PBXFileReference; fileEncoding = 4; lastKnownFileType = sourcecode.c.h; path = JF03ViewController.h; sourceTree = "<group>"; };
		DA9BAC8227732B890006E5B0 /* JF01ViewController.m */ = {isa = PBXFileReference; fileEncoding = 4; lastKnownFileType = sourcecode.c.objc; path = JF01ViewController.m; sourceTree = "<group>"; };
		DA9BAC8327732B890006E5B0 /* JF02ViewController.h */ = {isa = PBXFileReference; fileEncoding = 4; lastKnownFileType = sourcecode.c.h; path = JF02ViewController.h; sourceTree = "<group>"; };
		DA9BAC8427732B890006E5B0 /* JF03ViewController.m */ = {isa = PBXFileReference; fileEncoding = 4; lastKnownFileType = sourcecode.c.objc; path = JF03ViewController.m; sourceTree = "<group>"; };
		DA9BAC8527732B890006E5B0 /* JF01ViewController.h */ = {isa = PBXFileReference; fileEncoding = 4; lastKnownFileType = sourcecode.c.h; path = JF01ViewController.h; sourceTree = "<group>"; };
		DA9BAC8627732B890006E5B0 /* JF02ViewController.m */ = {isa = PBXFileReference; fileEncoding = 4; lastKnownFileType = sourcecode.c.objc; path = JF02ViewController.m; sourceTree = "<group>"; };
		DA9BAC8827732B890006E5B0 /* Blocks01ViewController.m */ = {isa = PBXFileReference; fileEncoding = 4; lastKnownFileType = sourcecode.c.objc; path = Blocks01ViewController.m; sourceTree = "<group>"; };
		DA9BAC8927732B890006E5B0 /* Blocks02ViewController.h */ = {isa = PBXFileReference; fileEncoding = 4; lastKnownFileType = sourcecode.c.h; path = Blocks02ViewController.h; sourceTree = "<group>"; };
		DA9BAC8A27732B890006E5B0 /* Blocks01ViewController.h */ = {isa = PBXFileReference; fileEncoding = 4; lastKnownFileType = sourcecode.c.h; path = Blocks01ViewController.h; sourceTree = "<group>"; };
		DA9BAC8B27732B890006E5B0 /* Blocks02ViewController.m */ = {isa = PBXFileReference; fileEncoding = 4; lastKnownFileType = sourcecode.c.objc; path = Blocks02ViewController.m; sourceTree = "<group>"; };
		DA9BAC8D27732B890006E5B0 /* Runtime01ViewController.h */ = {isa = PBXFileReference; fileEncoding = 4; lastKnownFileType = sourcecode.c.h; path = Runtime01ViewController.h; sourceTree = "<group>"; };
		DA9BAC8E27732B890006E5B0 /* Runtime02ViewController.m */ = {isa = PBXFileReference; fileEncoding = 4; lastKnownFileType = sourcecode.c.objc; path = Runtime02ViewController.m; sourceTree = "<group>"; };
		DA9BAC8F27732B890006E5B0 /* Runtime01ViewController.m */ = {isa = PBXFileReference; fileEncoding = 4; lastKnownFileType = sourcecode.c.objc; path = Runtime01ViewController.m; sourceTree = "<group>"; };
		DA9BAC9027732B890006E5B0 /* Runtime02ViewController.h */ = {isa = PBXFileReference; fileEncoding = 4; lastKnownFileType = sourcecode.c.h; path = Runtime02ViewController.h; sourceTree = "<group>"; };
		DA9BAC9227732B8A0006E5B0 /* ObjectViewController.m */ = {isa = PBXFileReference; fileEncoding = 4; lastKnownFileType = sourcecode.c.objc; path = ObjectViewController.m; sourceTree = "<group>"; };
		DA9BAC9327732B8A0006E5B0 /* ObjectQuestionViewController.h */ = {isa = PBXFileReference; fileEncoding = 4; lastKnownFileType = sourcecode.c.h; path = ObjectQuestionViewController.h; sourceTree = "<group>"; };
		DA9BAC9427732B8A0006E5B0 /* ObjectViewController.h */ = {isa = PBXFileReference; fileEncoding = 4; lastKnownFileType = sourcecode.c.h; path = ObjectViewController.h; sourceTree = "<group>"; };
		DA9BAC9527732B8A0006E5B0 /* ObjectQuestionViewController.m */ = {isa = PBXFileReference; fileEncoding = 4; lastKnownFileType = sourcecode.c.objc; path = ObjectQuestionViewController.m; sourceTree = "<group>"; };
		DA9BAC9727732B8A0006E5B0 /* OtherViewController.h */ = {isa = PBXFileReference; fileEncoding = 4; lastKnownFileType = sourcecode.c.h; path = OtherViewController.h; sourceTree = "<group>"; };
		DA9BAC9827732B8A0006E5B0 /* ArrayViewController.m */ = {isa = PBXFileReference; fileEncoding = 4; lastKnownFileType = sourcecode.c.objc; path = ArrayViewController.m; sourceTree = "<group>"; };
		DA9BAC9927732B8A0006E5B0 /* DictionaryViewController.m */ = {isa = PBXFileReference; fileEncoding = 4; lastKnownFileType = sourcecode.c.objc; path = DictionaryViewController.m; sourceTree = "<group>"; };
		DA9BAC9A27732B8A0006E5B0 /* StringViewController.m */ = {isa = PBXFileReference; fileEncoding = 4; lastKnownFileType = sourcecode.c.objc; path = StringViewController.m; sourceTree = "<group>"; };
		DA9BAC9B27732B8A0006E5B0 /* ArrayViewController.h */ = {isa = PBXFileReference; fileEncoding = 4; lastKnownFileType = sourcecode.c.h; path = ArrayViewController.h; sourceTree = "<group>"; };
		DA9BAC9C27732B8A0006E5B0 /* OtherViewController.m */ = {isa = PBXFileReference; fileEncoding = 4; lastKnownFileType = sourcecode.c.objc; path = OtherViewController.m; sourceTree = "<group>"; };
		DA9BAC9D27732B8A0006E5B0 /* DictionaryViewController.h */ = {isa = PBXFileReference; fileEncoding = 4; lastKnownFileType = sourcecode.c.h; path = DictionaryViewController.h; sourceTree = "<group>"; };
		DA9BAC9E27732B8A0006E5B0 /* StringViewController.h */ = {isa = PBXFileReference; fileEncoding = 4; lastKnownFileType = sourcecode.c.h; path = StringViewController.h; sourceTree = "<group>"; };
		DA9BACA027732B8A0006E5B0 /* RunLoop01ViewController.m */ = {isa = PBXFileReference; fileEncoding = 4; lastKnownFileType = sourcecode.c.objc; path = RunLoop01ViewController.m; sourceTree = "<group>"; };
		DA9BACA127732B8A0006E5B0 /* RunLoop01ViewController.h */ = {isa = PBXFileReference; fileEncoding = 4; lastKnownFileType = sourcecode.c.h; path = RunLoop01ViewController.h; sourceTree = "<group>"; };
		DA9BACC627732C080006E5B0 /* OneViewController.swift */ = {isa = PBXFileReference; lastKnownFileType = sourcecode.swift; path = OneViewController.swift; sourceTree = "<group>"; };
		DA9BACCA27732D4B0006E5B0 /* http1ViewController.m */ = {isa = PBXFileReference; fileEncoding = 4; lastKnownFileType = sourcecode.c.objc; path = http1ViewController.m; sourceTree = "<group>"; };
		DA9BACCB27732D4B0006E5B0 /* BaseViewController.m */ = {isa = PBXFileReference; fileEncoding = 4; lastKnownFileType = sourcecode.c.objc; path = BaseViewController.m; sourceTree = "<group>"; };
		DA9BACCC27732D4B0006E5B0 /* LoginViewController.m */ = {isa = PBXFileReference; fileEncoding = 4; lastKnownFileType = sourcecode.c.objc; path = LoginViewController.m; sourceTree = "<group>"; };
		DA9BACCD27732D4B0006E5B0 /* http1ViewController.h */ = {isa = PBXFileReference; fileEncoding = 4; lastKnownFileType = sourcecode.c.h; path = http1ViewController.h; sourceTree = "<group>"; };
		DA9BACCE27732D4B0006E5B0 /* LoginViewController.h */ = {isa = PBXFileReference; fileEncoding = 4; lastKnownFileType = sourcecode.c.h; path = LoginViewController.h; sourceTree = "<group>"; };
		DA9BACCF27732D4B0006E5B0 /* BaseViewController.h */ = {isa = PBXFileReference; fileEncoding = 4; lastKnownFileType = sourcecode.c.h; path = BaseViewController.h; sourceTree = "<group>"; };
		DA9BACD227732D4C0006E5B0 /* http2ViewController.h */ = {isa = PBXFileReference; fileEncoding = 4; lastKnownFileType = sourcecode.c.h; path = http2ViewController.h; sourceTree = "<group>"; };
		DA9BACD327732D4C0006E5B0 /* NSURLConnectiongViewController.m */ = {isa = PBXFileReference; fileEncoding = 4; lastKnownFileType = sourcecode.c.objc; path = NSURLConnectiongViewController.m; sourceTree = "<group>"; };
		DA9BACD427732D4C0006E5B0 /* http2ViewController.m */ = {isa = PBXFileReference; fileEncoding = 4; lastKnownFileType = sourcecode.c.objc; path = http2ViewController.m; sourceTree = "<group>"; };
		DA9BACD527732D4C0006E5B0 /* NSURLConnectiongViewController.h */ = {isa = PBXFileReference; fileEncoding = 4; lastKnownFileType = sourcecode.c.h; path = NSURLConnectiongViewController.h; sourceTree = "<group>"; };
		DA9BACD727732D4C0006E5B0 /* http5ViewController.h */ = {isa = PBXFileReference; fileEncoding = 4; lastKnownFileType = sourcecode.c.h; path = http5ViewController.h; sourceTree = "<group>"; };
		DA9BACD827732D4C0006E5B0 /* http4ViewController.h */ = {isa = PBXFileReference; fileEncoding = 4; lastKnownFileType = sourcecode.c.h; path = http4ViewController.h; sourceTree = "<group>"; };
		DA9BACD927732D4C0006E5B0 /* http5ViewController.m */ = {isa = PBXFileReference; fileEncoding = 4; lastKnownFileType = sourcecode.c.objc; path = http5ViewController.m; sourceTree = "<group>"; };
		DA9BACDA27732D4C0006E5B0 /* http4ViewController.m */ = {isa = PBXFileReference; fileEncoding = 4; lastKnownFileType = sourcecode.c.objc; path = http4ViewController.m; sourceTree = "<group>"; };
		DA9BACDC27732D4C0006E5B0 /* NSURLSessionViewController.m */ = {isa = PBXFileReference; fileEncoding = 4; lastKnownFileType = sourcecode.c.objc; path = NSURLSessionViewController.m; sourceTree = "<group>"; };
		DA9BACDD27732D4C0006E5B0 /* http3ViewController.h */ = {isa = PBXFileReference; fileEncoding = 4; lastKnownFileType = sourcecode.c.h; path = http3ViewController.h; sourceTree = "<group>"; };
		DA9BACDE27732D4C0006E5B0 /* NSURLSessionViewController.h */ = {isa = PBXFileReference; fileEncoding = 4; lastKnownFileType = sourcecode.c.h; path = NSURLSessionViewController.h; sourceTree = "<group>"; };
		DA9BACDF27732D4C0006E5B0 /* http3ViewController.m */ = {isa = PBXFileReference; fileEncoding = 4; lastKnownFileType = sourcecode.c.objc; path = http3ViewController.m; sourceTree = "<group>"; };
		DA9BACE127732D4C0006E5B0 /* XLEncrypt.m */ = {isa = PBXFileReference; fileEncoding = 4; lastKnownFileType = sourcecode.c.objc; path = XLEncrypt.m; sourceTree = "<group>"; };
		DA9BACE227732D4C0006E5B0 /* NSString+XL.m */ = {isa = PBXFileReference; fileEncoding = 4; lastKnownFileType = sourcecode.c.objc; path = "NSString+XL.m"; sourceTree = "<group>"; };
		DA9BACE327732D4C0006E5B0 /* GTMBase64.h */ = {isa = PBXFileReference; fileEncoding = 4; lastKnownFileType = sourcecode.c.h; path = GTMBase64.h; sourceTree = "<group>"; };
		DA9BACE427732D4C0006E5B0 /* XLEncrypt.h */ = {isa = PBXFileReference; fileEncoding = 4; lastKnownFileType = sourcecode.c.h; path = XLEncrypt.h; sourceTree = "<group>"; };
		DA9BACE527732D4C0006E5B0 /* NSString+XL.h */ = {isa = PBXFileReference; fileEncoding = 4; lastKnownFileType = sourcecode.c.h; path = "NSString+XL.h"; sourceTree = "<group>"; };
		DA9BACE627732D4C0006E5B0 /* GTMDefines.h */ = {isa = PBXFileReference; fileEncoding = 4; lastKnownFileType = sourcecode.c.h; path = GTMDefines.h; sourceTree = "<group>"; };
		DA9BACE727732D4C0006E5B0 /* GTMBase64.m */ = {isa = PBXFileReference; fileEncoding = 4; lastKnownFileType = sourcecode.c.objc; path = GTMBase64.m; sourceTree = "<group>"; };
		DA9BACF427732D700006E5B0 /* twoViewController.swift */ = {isa = PBXFileReference; lastKnownFileType = sourcecode.swift; path = twoViewController.swift; sourceTree = "<group>"; };
		DA9BACF627732DD40006E5B0 /* XueLeTSHTTPS.cer */ = {isa = PBXFileReference; lastKnownFileType = file; path = XueLeTSHTTPS.cer; sourceTree = "<group>"; };
		DA9BACF727732DEF0006E5B0 /* OCViewController.h */ = {isa = PBXFileReference; fileEncoding = 4; lastKnownFileType = sourcecode.c.h; path = OCViewController.h; sourceTree = "<group>"; };
		DA9BACF827732DEF0006E5B0 /* OCViewController.m */ = {isa = PBXFileReference; fileEncoding = 4; lastKnownFileType = sourcecode.c.objc; path = OCViewController.m; sourceTree = "<group>"; };
		DA9BACFD27740D9C0006E5B0 /* JFGCDTestViewController.h */ = {isa = PBXFileReference; fileEncoding = 4; lastKnownFileType = sourcecode.c.h; path = JFGCDTestViewController.h; sourceTree = "<group>"; };
		DA9BACFE27740D9C0006E5B0 /* JFGCDTestViewController.m */ = {isa = PBXFileReference; fileEncoding = 4; lastKnownFileType = sourcecode.c.objc; path = JFGCDTestViewController.m; sourceTree = "<group>"; };
		DA9BAD0027740DAC0006E5B0 /* JFGCDSwiftViewController.swift */ = {isa = PBXFileReference; fileEncoding = 4; lastKnownFileType = sourcecode.swift; path = JFGCDSwiftViewController.swift; sourceTree = "<group>"; };
		DA9BAD0D277C491D0006E5B0 /* LuojiViewController.h */ = {isa = PBXFileReference; lastKnownFileType = sourcecode.c.h; path = LuojiViewController.h; sourceTree = "<group>"; };
		DA9BAD0E277C491D0006E5B0 /* LuojiViewController.m */ = {isa = PBXFileReference; lastKnownFileType = sourcecode.c.objc; path = LuojiViewController.m; sourceTree = "<group>"; };
		DA9BAD10277C49590006E5B0 /* Empty.md */ = {isa = PBXFileReference; lastKnownFileType = net.daringfireball.markdown; path = Empty.md; sourceTree = "<group>"; };
		DAA8B2DA25E4E4E100E6AC1A /* JFDemo.app */ = {isa = PBXFileReference; explicitFileType = wrapper.application; includeInIndex = 0; path = JFDemo.app; sourceTree = BUILT_PRODUCTS_DIR; };
		DAA8B2DD25E4E4E100E6AC1A /* AppDelegate.swift */ = {isa = PBXFileReference; lastKnownFileType = sourcecode.swift; path = AppDelegate.swift; sourceTree = "<group>"; };
		DAA8B2DF25E4E4E100E6AC1A /* SceneDelegate.swift */ = {isa = PBXFileReference; lastKnownFileType = sourcecode.swift; path = SceneDelegate.swift; sourceTree = "<group>"; };
		DAA8B2E125E4E4E100E6AC1A /* ViewController.swift */ = {isa = PBXFileReference; lastKnownFileType = sourcecode.swift; path = ViewController.swift; sourceTree = "<group>"; };
		DAA8B2E425E4E4E100E6AC1A /* Base */ = {isa = PBXFileReference; lastKnownFileType = file.storyboard; name = Base; path = Base.lproj/Main.storyboard; sourceTree = "<group>"; };
		DAA8B2E625E4E4E600E6AC1A /* Assets.xcassets */ = {isa = PBXFileReference; lastKnownFileType = folder.assetcatalog; path = Assets.xcassets; sourceTree = "<group>"; };
		DAA8B2E925E4E4E600E6AC1A /* Base */ = {isa = PBXFileReference; lastKnownFileType = file.storyboard; name = Base; path = Base.lproj/LaunchScreen.storyboard; sourceTree = "<group>"; };
		DAA8B2EB25E4E4E600E6AC1A /* Info.plist */ = {isa = PBXFileReference; lastKnownFileType = text.plist.xml; path = Info.plist; sourceTree = "<group>"; };
		DAA8B2F325E4EB1100E6AC1A /* JFDemo-Bridging-Header.h */ = {isa = PBXFileReference; lastKnownFileType = sourcecode.c.h; path = "JFDemo-Bridging-Header.h"; sourceTree = "<group>"; };
		DAA8B2F425E4EB1100E6AC1A /* TestViewController.h */ = {isa = PBXFileReference; lastKnownFileType = sourcecode.c.h; path = TestViewController.h; sourceTree = "<group>"; };
		DAA8B2F525E4EB1100E6AC1A /* TestViewController.m */ = {isa = PBXFileReference; lastKnownFileType = sourcecode.c.objc; path = TestViewController.m; sourceTree = "<group>"; };
		DAA8B2F725E6217F00E6AC1A /* JFMVVMViewController.h */ = {isa = PBXFileReference; lastKnownFileType = sourcecode.c.h; path = JFMVVMViewController.h; sourceTree = "<group>"; };
		DAA8B2F825E6217F00E6AC1A /* JFMVVMViewController.m */ = {isa = PBXFileReference; lastKnownFileType = sourcecode.c.objc; path = JFMVVMViewController.m; sourceTree = "<group>"; };
		DAA8B2FA25E623DB00E6AC1A /* User.h */ = {isa = PBXFileReference; lastKnownFileType = sourcecode.c.h; path = User.h; sourceTree = "<group>"; };
		DAA8B2FB25E623DB00E6AC1A /* User.m */ = {isa = PBXFileReference; lastKnownFileType = sourcecode.c.objc; path = User.m; sourceTree = "<group>"; };
		DAA8B2FD25E6242B00E6AC1A /* UserViewModel.h */ = {isa = PBXFileReference; lastKnownFileType = sourcecode.c.h; path = UserViewModel.h; sourceTree = "<group>"; };
		DAA8B2FE25E6242B00E6AC1A /* UserViewModel.m */ = {isa = PBXFileReference; lastKnownFileType = sourcecode.c.objc; path = UserViewModel.m; sourceTree = "<group>"; };
		DAE5B15C278818BC004DBF83 /* NSTimerViewController.h */ = {isa = PBXFileReference; lastKnownFileType = sourcecode.c.h; path = NSTimerViewController.h; sourceTree = "<group>"; };
		DAE5B15D278818BC004DBF83 /* NSTimerViewController.m */ = {isa = PBXFileReference; lastKnownFileType = sourcecode.c.objc; path = NSTimerViewController.m; sourceTree = "<group>"; };
/* End PBXFileReference section */

/* Begin PBXFrameworksBuildPhase section */
		DAA8B2D725E4E4E100E6AC1A /* Frameworks */ = {
			isa = PBXFrameworksBuildPhase;
			buildActionMask = 2147483647;
			files = (
				19512D6752225C7645AB3589 /* libPods-JFDemo.a in Frameworks */,
			);
			runOnlyForDeploymentPostprocessing = 0;
		};
/* End PBXFrameworksBuildPhase section */

/* Begin PBXGroup section */
		07E77B7D999BF948867719BE /* Pods */ = {
			isa = PBXGroup;
			children = (
				95D6C3E0C82CD5CC8889B01B /* Pods-JFDemo.debug.xcconfig */,
				A5BDC09F132E8FC69017E1C6 /* Pods-JFDemo.release.xcconfig */,
			);
			path = Pods;
			sourceTree = "<group>";
		};
		DA11551B2788253A001AF07F /* Swift */ = {
			isa = PBXGroup;
			children = (
				DA115526278D124E001AF07F /* Swift01ViewController.swift */,
				DA115528278D1BFA001AF07F /* SwiftOverrideViewController.swift */,
			);
			path = Swift;
			sourceTree = "<group>";
		};
		DA11551F278C566C001AF07F /* 链式编程 */ = {
			isa = PBXGroup;
			children = (
				DA115520278C56A1001AF07F /* JFCalculator.h */,
				DA115521278C56A1001AF07F /* JFCalculator.m */,
				DA115523278C577F001AF07F /* ChainTestViewController.h */,
				DA115524278C577F001AF07F /* ChainTestViewController.m */,
			);
			path = "链式编程";
			sourceTree = "<group>";
		};
		DA9BAC5327732B880006E5B0 /* GCD & NSOperation */ = {
			isa = PBXGroup;
			children = (
				DA9BACFC27740D830006E5B0 /* NSOperation */,
				DA9BACFB27740D760006E5B0 /* GCD */,
			);
			path = "GCD & NSOperation";
			sourceTree = "<group>";
		};
		DA9BAC6C27732B880006E5B0 /* 修饰符 */ = {
			isa = PBXGroup;
			children = (
				DA9BAC6D27732B880006E5B0 /* FirstViewController.h */,
				DA9BAC7127732B880006E5B0 /* FirstViewController.m */,
				DA9BAC7227732B880006E5B0 /* SecViewController.h */,
				DA9BAC6E27732B880006E5B0 /* SecViewController.m */,
				DA9BAC7027732B880006E5B0 /* ThirdViewController.h */,
				DA9BAC7427732B880006E5B0 /* ThirdViewController.m */,
				DA9BAC7327732B880006E5B0 /* the04ViewController.m */,
				DA9BAC6F27732B880006E5B0 /* the04ViewController.h */,
				DA9BAC7527732B880006E5B0 /* ChildViewController.swift */,
			);
			path = "修饰符";
			sourceTree = "<group>";
		};
		DA9BAC7727732B890006E5B0 /* Thread */ = {
			isa = PBXGroup;
			children = (
				DA9BAC7827732B890006E5B0 /* Pthread01ViewController.m */,
				DA9BAC7927732B890006E5B0 /* NSThread03ViewController.h */,
				DA9BAC7A27732B890006E5B0 /* NSThread01ViewController.m */,
				DA9BAC7B27732B890006E5B0 /* NSThread02ViewController.h */,
				DA9BAC7C27732B890006E5B0 /* NSThread03ViewController.m */,
				DA9BAC7D27732B890006E5B0 /* Pthread01ViewController.h */,
				DA9BAC7E27732B890006E5B0 /* NSThread01ViewController.h */,
				DA9BAC7F27732B890006E5B0 /* NSThread02ViewController.m */,
			);
			path = Thread;
			sourceTree = "<group>";
		};
		DA9BAC8027732B890006E5B0 /* 关键字 */ = {
			isa = PBXGroup;
			children = (
				DA9BAC8227732B890006E5B0 /* JF01ViewController.m */,
				DA9BAC8327732B890006E5B0 /* JF02ViewController.h */,
				DA9BAC8427732B890006E5B0 /* JF03ViewController.m */,
				DA9BAC8127732B890006E5B0 /* JF03ViewController.h */,
				DA9BAC8527732B890006E5B0 /* JF01ViewController.h */,
				DA9BAC8627732B890006E5B0 /* JF02ViewController.m */,
			);
			path = "关键字";
			sourceTree = "<group>";
		};
		DA9BAC8727732B890006E5B0 /* Blocks */ = {
			isa = PBXGroup;
			children = (
				DA9BAC8827732B890006E5B0 /* Blocks01ViewController.m */,
				DA9BAC8927732B890006E5B0 /* Blocks02ViewController.h */,
				DA9BAC8A27732B890006E5B0 /* Blocks01ViewController.h */,
				DA9BAC8B27732B890006E5B0 /* Blocks02ViewController.m */,
			);
			path = Blocks;
			sourceTree = "<group>";
		};
		DA9BAC8C27732B890006E5B0 /* Runtime */ = {
			isa = PBXGroup;
			children = (
				DA9BAC8D27732B890006E5B0 /* Runtime01ViewController.h */,
				DA9BAC8E27732B890006E5B0 /* Runtime02ViewController.m */,
				DA9BAC8F27732B890006E5B0 /* Runtime01ViewController.m */,
				DA9BAC9027732B890006E5B0 /* Runtime02ViewController.h */,
			);
			path = Runtime;
			sourceTree = "<group>";
		};
		DA9BAC9127732B8A0006E5B0 /* Class */ = {
			isa = PBXGroup;
			children = (
				DA9BAC9427732B8A0006E5B0 /* ObjectViewController.h */,
				DA9BAC9227732B8A0006E5B0 /* ObjectViewController.m */,
				DA9BAC9327732B8A0006E5B0 /* ObjectQuestionViewController.h */,
				DA9BAC9527732B8A0006E5B0 /* ObjectQuestionViewController.m */,
			);
			path = Class;
			sourceTree = "<group>";
		};
		DA9BAC9627732B8A0006E5B0 /* Foundation */ = {
			isa = PBXGroup;
			children = (
				DA9BAC9727732B8A0006E5B0 /* OtherViewController.h */,
				DA9BAC9827732B8A0006E5B0 /* ArrayViewController.m */,
				DA9BAC9927732B8A0006E5B0 /* DictionaryViewController.m */,
				DA9BAC9A27732B8A0006E5B0 /* StringViewController.m */,
				DA9BAC9B27732B8A0006E5B0 /* ArrayViewController.h */,
				DA9BAC9C27732B8A0006E5B0 /* OtherViewController.m */,
				DA9BAC9D27732B8A0006E5B0 /* DictionaryViewController.h */,
				DA9BAC9E27732B8A0006E5B0 /* StringViewController.h */,
			);
			path = Foundation;
			sourceTree = "<group>";
		};
		DA9BAC9F27732B8A0006E5B0 /* RunLoop */ = {
			isa = PBXGroup;
			children = (
				DA9BACA027732B8A0006E5B0 /* RunLoop01ViewController.m */,
				DA9BACA127732B8A0006E5B0 /* RunLoop01ViewController.h */,
				DAE5B15C278818BC004DBF83 /* NSTimerViewController.h */,
				DAE5B15D278818BC004DBF83 /* NSTimerViewController.m */,
				DA1155182788233E001AF07F /* TCJProxy.h */,
				DA1155192788233E001AF07F /* TCJProxy.m */,
			);
			path = RunLoop;
			sourceTree = "<group>";
		};
		DA9BACD027732D4C0006E5B0 /* HTTP */ = {
			isa = PBXGroup;
			children = (
				DA9BACFA27732EB20006E5B0 /* Demo */,
				DA9BACD127732D4C0006E5B0 /* NSURLConnectiong */,
				DA9BACD627732D4C0006E5B0 /* AFNetworking */,
				DA9BACDB27732D4C0006E5B0 /* NSURLSession */,
			);
			path = HTTP;
			sourceTree = "<group>";
		};
		DA9BACD127732D4C0006E5B0 /* NSURLConnectiong */ = {
			isa = PBXGroup;
			children = (
				DA9BACD227732D4C0006E5B0 /* http2ViewController.h */,
				DA9BACD327732D4C0006E5B0 /* NSURLConnectiongViewController.m */,
				DA9BACD427732D4C0006E5B0 /* http2ViewController.m */,
				DA9BACD527732D4C0006E5B0 /* NSURLConnectiongViewController.h */,
			);
			path = NSURLConnectiong;
			sourceTree = "<group>";
		};
		DA9BACD627732D4C0006E5B0 /* AFNetworking */ = {
			isa = PBXGroup;
			children = (
				DA9BACD727732D4C0006E5B0 /* http5ViewController.h */,
				DA9BACD827732D4C0006E5B0 /* http4ViewController.h */,
				DA9BACD927732D4C0006E5B0 /* http5ViewController.m */,
				DA9BACDA27732D4C0006E5B0 /* http4ViewController.m */,
			);
			path = AFNetworking;
			sourceTree = "<group>";
		};
		DA9BACDB27732D4C0006E5B0 /* NSURLSession */ = {
			isa = PBXGroup;
			children = (
				DA9BACDC27732D4C0006E5B0 /* NSURLSessionViewController.m */,
				DA9BACDD27732D4C0006E5B0 /* http3ViewController.h */,
				DA9BACDE27732D4C0006E5B0 /* NSURLSessionViewController.h */,
				DA9BACDF27732D4C0006E5B0 /* http3ViewController.m */,
			);
			path = NSURLSession;
			sourceTree = "<group>";
		};
		DA9BACE027732D4C0006E5B0 /* Lib */ = {
			isa = PBXGroup;
			children = (
				DA9BACE127732D4C0006E5B0 /* XLEncrypt.m */,
				DA9BACE227732D4C0006E5B0 /* NSString+XL.m */,
				DA9BACE327732D4C0006E5B0 /* GTMBase64.h */,
				DA9BACE427732D4C0006E5B0 /* XLEncrypt.h */,
				DA9BACE527732D4C0006E5B0 /* NSString+XL.h */,
				DA9BACE627732D4C0006E5B0 /* GTMDefines.h */,
				DA9BACE727732D4C0006E5B0 /* GTMBase64.m */,
			);
			path = Lib;
			sourceTree = "<group>";
		};
		DA9BACFA27732EB20006E5B0 /* Demo */ = {
			isa = PBXGroup;
			children = (
				DA9BACCF27732D4B0006E5B0 /* BaseViewController.h */,
				DA9BACCB27732D4B0006E5B0 /* BaseViewController.m */,
				DA9BACCA27732D4B0006E5B0 /* http1ViewController.m */,
				DA9BACCD27732D4B0006E5B0 /* http1ViewController.h */,
				DA9BACCC27732D4B0006E5B0 /* LoginViewController.m */,
				DA9BACCE27732D4B0006E5B0 /* LoginViewController.h */,
			);
			path = Demo;
			sourceTree = "<group>";
		};
		DA9BACFB27740D760006E5B0 /* GCD */ = {
			isa = PBXGroup;
			children = (
				DA9BAD0027740DAC0006E5B0 /* JFGCDSwiftViewController.swift */,
				DA9BACFD27740D9C0006E5B0 /* JFGCDTestViewController.h */,
				DA9BACFE27740D9C0006E5B0 /* JFGCDTestViewController.m */,
				DA9BAC5527732B880006E5B0 /* GCD04ViewController.h */,
				DA9BAC5627732B880006E5B0 /* GCD03ViewController.h */,
				DA9BAC5827732B880006E5B0 /* GCD02ViewController.h */,
				DA9BAC5C27732B880006E5B0 /* GCD01ViewController.m */,
				DA9BAC5E27732B880006E5B0 /* GCD05ViewController.h */,
				DA9BAC6027732B880006E5B0 /* GCD04ViewController.m */,
				DA9BAC6327732B880006E5B0 /* GCD03ViewController.m */,
				DA9BAC6527732B880006E5B0 /* GCD02ViewController.m */,
				DA9BAC5927732B880006E5B0 /* YSCOperation.m */,
				DA9BAC6627732B880006E5B0 /* YSCOperation.h */,
				DA9BAC5F27732B880006E5B0 /* GCD_SlowViewController.m */,
				DA9BAC6727732B880006E5B0 /* GCD_SlowViewController.h */,
				DA9BAC6927732B880006E5B0 /* GCD05ViewController.m */,
				DA9BAC6B27732B880006E5B0 /* GCD01ViewController.h */,
			);
			path = GCD;
			sourceTree = "<group>";
		};
		DA9BACFC27740D830006E5B0 /* NSOperation */ = {
			isa = PBXGroup;
			children = (
				DA9BAC5D27732B880006E5B0 /* NSOperation01ViewController.m */,
				DA9BAC5A27732B880006E5B0 /* NSOperation02ViewController.h */,
				DA9BAC5427732B880006E5B0 /* NSOperation04ViewController.h */,
				DA9BAC5727732B880006E5B0 /* NSOperation03ViewController.h */,
				DA9BAC5B27732B880006E5B0 /* NSOperation05ViewController.h */,
				DA9BAC6127732B880006E5B0 /* NSOperation04ViewController.m */,
				DA9BAC6227732B880006E5B0 /* NSOperation03ViewController.m */,
				DA9BAC6427732B880006E5B0 /* NSOperation02ViewController.m */,
				DA9BAC6827732B880006E5B0 /* NSOperation01ViewController.h */,
				DA9BAC6A27732B880006E5B0 /* NSOperation05ViewController.m */,
			);
			path = NSOperation;
			sourceTree = "<group>";
		};
		DA9BAD0C277C48F10006E5B0 /* 底层 */ = {
			isa = PBXGroup;
			children = (
				DA9BAD0D277C491D0006E5B0 /* LuojiViewController.h */,
				DA9BAD0E277C491D0006E5B0 /* LuojiViewController.m */,
				DA9BAD10277C49590006E5B0 /* Empty.md */,
			);
			path = "底层";
			sourceTree = "<group>";
		};
		DA9BAD11277E97770006E5B0 /* 算法 */ = {
			isa = PBXGroup;
			children = (
			);
			path = "算法";
			sourceTree = "<group>";
		};
		DAA8B2D125E4E4E100E6AC1A = {
			isa = PBXGroup;
			children = (
				DAA8B2DC25E4E4E100E6AC1A /* JFDemo */,
				DAA8B2DB25E4E4E100E6AC1A /* Products */,
				07E77B7D999BF948867719BE /* Pods */,
				E226D77617881578C3D065C9 /* Frameworks */,
			);
			sourceTree = "<group>";
		};
		DAA8B2DB25E4E4E100E6AC1A /* Products */ = {
			isa = PBXGroup;
			children = (
				DAA8B2DA25E4E4E100E6AC1A /* JFDemo.app */,
			);
			name = Products;
			sourceTree = "<group>";
		};
		DAA8B2DC25E4E4E100E6AC1A /* JFDemo */ = {
			isa = PBXGroup;
			children = (
				DA11551F278C566C001AF07F /* 链式编程 */,
				DA11551B2788253A001AF07F /* Swift */,
				DA9BAD11277E97770006E5B0 /* 算法 */,
				DA9BAD0C277C48F10006E5B0 /* 底层 */,
				DA9BACD027732D4C0006E5B0 /* HTTP */,
				DA9BAC6C27732B880006E5B0 /* 修饰符 */,
				DA9BAC8027732B890006E5B0 /* 关键字 */,
				DA9BAC8727732B890006E5B0 /* Blocks */,
				DA9BAC9127732B8A0006E5B0 /* Class */,
				DA9BAC9627732B8A0006E5B0 /* Foundation */,
				DA9BAC5327732B880006E5B0 /* GCD & NSOperation */,
				DA9BAC9F27732B8A0006E5B0 /* RunLoop */,
				DA9BAC8C27732B890006E5B0 /* Runtime */,
				DA9BAC7727732B890006E5B0 /* Thread */,
				DAA8B2F225E4EAF100E6AC1A /* Test */,
				DAA8B2F125E4EA7D00E6AC1A /* MVVM */,
				DAA8B2DD25E4E4E100E6AC1A /* AppDelegate.swift */,
				DAA8B2DF25E4E4E100E6AC1A /* SceneDelegate.swift */,
				DAA8B2E125E4E4E100E6AC1A /* ViewController.swift */,
				DAA8B2E325E4E4E100E6AC1A /* Main.storyboard */,
				DAA8B2E625E4E4E600E6AC1A /* Assets.xcassets */,
				DAA8B2E825E4E4E600E6AC1A /* LaunchScreen.storyboard */,
				DA9BACF627732DD40006E5B0 /* XueLeTSHTTPS.cer */,
				DAA8B2EB25E4E4E600E6AC1A /* Info.plist */,
				DA9BACE027732D4C0006E5B0 /* Lib */,
			);
			path = JFDemo;
			sourceTree = "<group>";
		};
		DAA8B2F125E4EA7D00E6AC1A /* MVVM */ = {
			isa = PBXGroup;
			children = (
				DAA8B2F725E6217F00E6AC1A /* JFMVVMViewController.h */,
				DAA8B2F825E6217F00E6AC1A /* JFMVVMViewController.m */,
				DAA8B2FA25E623DB00E6AC1A /* User.h */,
				DAA8B2FB25E623DB00E6AC1A /* User.m */,
				DAA8B2FD25E6242B00E6AC1A /* UserViewModel.h */,
				DAA8B2FE25E6242B00E6AC1A /* UserViewModel.m */,
			);
			path = MVVM;
			sourceTree = "<group>";
		};
		DAA8B2F225E4EAF100E6AC1A /* Test */ = {
			isa = PBXGroup;
			children = (
				DA9BACF727732DEF0006E5B0 /* OCViewController.h */,
				DA9BACF827732DEF0006E5B0 /* OCViewController.m */,
				DAA8B2F325E4EB1100E6AC1A /* JFDemo-Bridging-Header.h */,
				DAA8B2F425E4EB1100E6AC1A /* TestViewController.h */,
				DAA8B2F525E4EB1100E6AC1A /* TestViewController.m */,
				DA9BACC627732C080006E5B0 /* OneViewController.swift */,
				DA9BACF427732D700006E5B0 /* twoViewController.swift */,
			);
			path = Test;
			sourceTree = "<group>";
		};
		E226D77617881578C3D065C9 /* Frameworks */ = {
			isa = PBXGroup;
			children = (
				7561A8D3F04DD3CA545578CE /* libPods-JFDemo.a */,
			);
			name = Frameworks;
			sourceTree = "<group>";
		};
/* End PBXGroup section */

/* Begin PBXNativeTarget section */
		DAA8B2D925E4E4E100E6AC1A /* JFDemo */ = {
			isa = PBXNativeTarget;
			buildConfigurationList = DAA8B2EE25E4E4E600E6AC1A /* Build configuration list for PBXNativeTarget "JFDemo" */;
			buildPhases = (
				CA8D5D7B1238DF8205542F16 /* [CP] Check Pods Manifest.lock */,
				DAA8B2D625E4E4E100E6AC1A /* Sources */,
				DAA8B2D725E4E4E100E6AC1A /* Frameworks */,
				DAA8B2D825E4E4E100E6AC1A /* Resources */,
			);
			buildRules = (
			);
			dependencies = (
			);
			name = JFDemo;
			productName = JFDemo;
			productReference = DAA8B2DA25E4E4E100E6AC1A /* JFDemo.app */;
			productType = "com.apple.product-type.application";
		};
/* End PBXNativeTarget section */

/* Begin PBXProject section */
		DAA8B2D225E4E4E100E6AC1A /* Project object */ = {
			isa = PBXProject;
			attributes = {
				LastSwiftUpdateCheck = 1130;
				LastUpgradeCheck = 1130;
				ORGANIZATIONNAME = shenjiafei;
				TargetAttributes = {
					DAA8B2D925E4E4E100E6AC1A = {
						CreatedOnToolsVersion = 11.3.1;
						LastSwiftMigration = 1130;
					};
				};
			};
			buildConfigurationList = DAA8B2D525E4E4E100E6AC1A /* Build configuration list for PBXProject "JFDemo" */;
			compatibilityVersion = "Xcode 9.3";
			developmentRegion = en;
			hasScannedForEncodings = 0;
			knownRegions = (
				en,
				Base,
			);
			mainGroup = DAA8B2D125E4E4E100E6AC1A;
			productRefGroup = DAA8B2DB25E4E4E100E6AC1A /* Products */;
			projectDirPath = "";
			projectRoot = "";
			targets = (
				DAA8B2D925E4E4E100E6AC1A /* JFDemo */,
			);
		};
/* End PBXProject section */

/* Begin PBXResourcesBuildPhase section */
		DAA8B2D825E4E4E100E6AC1A /* Resources */ = {
			isa = PBXResourcesBuildPhase;
			buildActionMask = 2147483647;
			files = (
				DAA8B2EA25E4E4E600E6AC1A /* LaunchScreen.storyboard in Resources */,
				DAA8B2E725E4E4E600E6AC1A /* Assets.xcassets in Resources */,
				DAA8B2E525E4E4E100E6AC1A /* Main.storyboard in Resources */,
			);
			runOnlyForDeploymentPostprocessing = 0;
		};
/* End PBXResourcesBuildPhase section */

/* Begin PBXShellScriptBuildPhase section */
		CA8D5D7B1238DF8205542F16 /* [CP] Check Pods Manifest.lock */ = {
			isa = PBXShellScriptBuildPhase;
			buildActionMask = 2147483647;
			files = (
			);
			inputFileListPaths = (
			);
			inputPaths = (
				"${PODS_PODFILE_DIR_PATH}/Podfile.lock",
				"${PODS_ROOT}/Manifest.lock",
			);
			name = "[CP] Check Pods Manifest.lock";
			outputFileListPaths = (
			);
			outputPaths = (
				"$(DERIVED_FILE_DIR)/Pods-JFDemo-checkManifestLockResult.txt",
			);
			runOnlyForDeploymentPostprocessing = 0;
			shellPath = /bin/sh;
			shellScript = "diff \"${PODS_PODFILE_DIR_PATH}/Podfile.lock\" \"${PODS_ROOT}/Manifest.lock\" > /dev/null\nif [ $? != 0 ] ; then\n    # print error to STDERR\n    echo \"error: The sandbox is not in sync with the Podfile.lock. Run 'pod install' or update your CocoaPods installation.\" >&2\n    exit 1\nfi\n# This output is used by Xcode 'outputs' to avoid re-running this script phase.\necho \"SUCCESS\" > \"${SCRIPT_OUTPUT_FILE_0}\"\n";
			showEnvVarsInLog = 0;
		};
/* End PBXShellScriptBuildPhase section */

/* Begin PBXSourcesBuildPhase section */
		DAA8B2D625E4E4E100E6AC1A /* Sources */ = {
			isa = PBXSourcesBuildPhase;
			buildActionMask = 2147483647;
			files = (
				DA9BACC827732C860006E5B0 /* JFDemo-Bridging-Header.h in Sources */,
				DA9BACF327732D4C0006E5B0 /* GTMBase64.m in Sources */,
				DA9BACBB27732B8A0006E5B0 /* Blocks01ViewController.m in Sources */,
				DA9BACBA27732B8A0006E5B0 /* JF02ViewController.m in Sources */,
				DA9BAD0127740DAC0006E5B0 /* JFGCDSwiftViewController.swift in Sources */,
				DA9BACC227732B8A0006E5B0 /* DictionaryViewController.m in Sources */,
				DAA8B2FF25E6242B00E6AC1A /* UserViewModel.m in Sources */,
				DA9BACA627732B8A0006E5B0 /* GCD04ViewController.m in Sources */,
				DA9BACBE27732B8A0006E5B0 /* Runtime01ViewController.m in Sources */,
				DA9BACEE27732D4C0006E5B0 /* http4ViewController.m in Sources */,
				DA9BACC327732B8A0006E5B0 /* StringViewController.m in Sources */,
				DA9BACEA27732D4C0006E5B0 /* LoginViewController.m in Sources */,
				DA9BACB427732B8A0006E5B0 /* Pthread01ViewController.m in Sources */,
				DA9BACB827732B8A0006E5B0 /* JF01ViewController.m in Sources */,
				DA9BACED27732D4C0006E5B0 /* http5ViewController.m in Sources */,
				DA9BACB127732B8A0006E5B0 /* ThirdViewController.m in Sources */,
				DA9BACE927732D4C0006E5B0 /* BaseViewController.m in Sources */,
				DA115527278D124E001AF07F /* Swift01ViewController.swift in Sources */,
				DA9BACEF27732D4C0006E5B0 /* NSURLSessionViewController.m in Sources */,
				DA9BACA227732B8A0006E5B0 /* YSCOperation.m in Sources */,
				DA115529278D1BFA001AF07F /* SwiftOverrideViewController.swift in Sources */,
				DA9BACE827732D4C0006E5B0 /* http1ViewController.m in Sources */,
				DA9BACAB27732B8A0006E5B0 /* GCD02ViewController.m in Sources */,
				DAA8B2E225E4E4E100E6AC1A /* ViewController.swift in Sources */,
				DA9BAD0F277C491D0006E5B0 /* LuojiViewController.m in Sources */,
				DAA8B2DE25E4E4E100E6AC1A /* AppDelegate.swift in Sources */,
				DA9BACB927732B8A0006E5B0 /* JF03ViewController.m in Sources */,
				DA9BACB527732B8A0006E5B0 /* NSThread01ViewController.m in Sources */,
				DA9BACA927732B8A0006E5B0 /* GCD03ViewController.m in Sources */,
				DA9BACA527732B8A0006E5B0 /* GCD_SlowViewController.m in Sources */,
				DAE5B15E278818BC004DBF83 /* NSTimerViewController.m in Sources */,
				DA9BACAE27732B8A0006E5B0 /* SecViewController.m in Sources */,
				DA9BACA827732B8A0006E5B0 /* NSOperation03ViewController.m in Sources */,
				DA9BACB027732B8A0006E5B0 /* the04ViewController.m in Sources */,
				DA9BACEB27732D4C0006E5B0 /* NSURLConnectiongViewController.m in Sources */,
				DA9BACBF27732B8A0006E5B0 /* ObjectViewController.m in Sources */,
				DAA8B2FC25E623DB00E6AC1A /* User.m in Sources */,
				DA9BACF127732D4C0006E5B0 /* XLEncrypt.m in Sources */,
				DAA8B2F625E4EB1100E6AC1A /* TestViewController.m in Sources */,
				DA9BACC127732B8A0006E5B0 /* ArrayViewController.m in Sources */,
				DA9BACB627732B8A0006E5B0 /* NSThread03ViewController.m in Sources */,
				DA9BACC027732B8A0006E5B0 /* ObjectQuestionViewController.m in Sources */,
				DA115522278C56A1001AF07F /* JFCalculator.m in Sources */,
				DA9BACA427732B8A0006E5B0 /* NSOperation01ViewController.m in Sources */,
				DA9BACB727732B8A0006E5B0 /* NSThread02ViewController.m in Sources */,
				DA9BACAA27732B8A0006E5B0 /* NSOperation02ViewController.m in Sources */,
				DA9BACF227732D4C0006E5B0 /* NSString+XL.m in Sources */,
				DA9BACA327732B8A0006E5B0 /* GCD01ViewController.m in Sources */,
				DA9BACC727732C080006E5B0 /* OneViewController.swift in Sources */,
				DA9BACF927732DEF0006E5B0 /* OCViewController.m in Sources */,
				DA9BACF527732D700006E5B0 /* twoViewController.swift in Sources */,
				DAA8B2F925E6217F00E6AC1A /* JFMVVMViewController.m in Sources */,
				DA9BACAF27732B8A0006E5B0 /* FirstViewController.m in Sources */,
				DA9BACF027732D4C0006E5B0 /* http3ViewController.m in Sources */,
				DA9BACC527732B8A0006E5B0 /* RunLoop01ViewController.m in Sources */,
				DA9BACC427732B8A0006E5B0 /* OtherViewController.m in Sources */,
				DA115525278C577F001AF07F /* ChainTestViewController.m in Sources */,
				DA9BACEC27732D4C0006E5B0 /* http2ViewController.m in Sources */,
				DA9BACA727732B8A0006E5B0 /* NSOperation04ViewController.m in Sources */,
				DA9BACBC27732B8A0006E5B0 /* Blocks02ViewController.m in Sources */,
				DA11551A2788233E001AF07F /* TCJProxy.m in Sources */,
				DA9BACAC27732B8A0006E5B0 /* GCD05ViewController.m in Sources */,
				DA9BACBD27732B8A0006E5B0 /* Runtime02ViewController.m in Sources */,
				DAA8B2E025E4E4E100E6AC1A /* SceneDelegate.swift in Sources */,
				DA9BACAD27732B8A0006E5B0 /* NSOperation05ViewController.m in Sources */,
				DA9BACB227732B8A0006E5B0 /* ChildViewController.swift in Sources */,
			);
			runOnlyForDeploymentPostprocessing = 0;
		};
/* End PBXSourcesBuildPhase section */

/* Begin PBXVariantGroup section */
		DAA8B2E325E4E4E100E6AC1A /* Main.storyboard */ = {
			isa = PBXVariantGroup;
			children = (
				DAA8B2E425E4E4E100E6AC1A /* Base */,
			);
			name = Main.storyboard;
			sourceTree = "<group>";
		};
		DAA8B2E825E4E4E600E6AC1A /* LaunchScreen.storyboard */ = {
			isa = PBXVariantGroup;
			children = (
				DAA8B2E925E4E4E600E6AC1A /* Base */,
			);
			name = LaunchScreen.storyboard;
			sourceTree = "<group>";
		};
/* End PBXVariantGroup section */

/* Begin XCBuildConfiguration section */
		DAA8B2EC25E4E4E600E6AC1A /* Debug */ = {
			isa = XCBuildConfiguration;
			buildSettings = {
				ALWAYS_SEARCH_USER_PATHS = NO;
				CLANG_ANALYZER_NONNULL = YES;
				CLANG_ANALYZER_NUMBER_OBJECT_CONVERSION = YES_AGGRESSIVE;
				CLANG_CXX_LANGUAGE_STANDARD = "gnu++14";
				CLANG_CXX_LIBRARY = "libc++";
				CLANG_ENABLE_MODULES = YES;
				CLANG_ENABLE_OBJC_ARC = YES;
				CLANG_ENABLE_OBJC_WEAK = YES;
				CLANG_WARN_BLOCK_CAPTURE_AUTORELEASING = YES;
				CLANG_WARN_BOOL_CONVERSION = YES;
				CLANG_WARN_COMMA = YES;
				CLANG_WARN_CONSTANT_CONVERSION = YES;
				CLANG_WARN_DEPRECATED_OBJC_IMPLEMENTATIONS = YES;
				CLANG_WARN_DIRECT_OBJC_ISA_USAGE = YES_ERROR;
				CLANG_WARN_DOCUMENTATION_COMMENTS = YES;
				CLANG_WARN_EMPTY_BODY = YES;
				CLANG_WARN_ENUM_CONVERSION = YES;
				CLANG_WARN_INFINITE_RECURSION = YES;
				CLANG_WARN_INT_CONVERSION = YES;
				CLANG_WARN_NON_LITERAL_NULL_CONVERSION = YES;
				CLANG_WARN_OBJC_IMPLICIT_RETAIN_SELF = YES;
				CLANG_WARN_OBJC_LITERAL_CONVERSION = YES;
				CLANG_WARN_OBJC_ROOT_CLASS = YES_ERROR;
				CLANG_WARN_RANGE_LOOP_ANALYSIS = YES;
				CLANG_WARN_STRICT_PROTOTYPES = YES;
				CLANG_WARN_SUSPICIOUS_MOVE = YES;
				CLANG_WARN_UNGUARDED_AVAILABILITY = YES_AGGRESSIVE;
				CLANG_WARN_UNREACHABLE_CODE = YES;
				CLANG_WARN__DUPLICATE_METHOD_MATCH = YES;
				COPY_PHASE_STRIP = NO;
				DEBUG_INFORMATION_FORMAT = dwarf;
				ENABLE_STRICT_OBJC_MSGSEND = YES;
				ENABLE_TESTABILITY = YES;
				GCC_C_LANGUAGE_STANDARD = gnu11;
				GCC_DYNAMIC_NO_PIC = NO;
				GCC_NO_COMMON_BLOCKS = YES;
				GCC_OPTIMIZATION_LEVEL = 0;
				GCC_PREPROCESSOR_DEFINITIONS = (
					"DEBUG=1",
					"$(inherited)",
				);
				GCC_WARN_64_TO_32_BIT_CONVERSION = YES;
				GCC_WARN_ABOUT_RETURN_TYPE = YES_ERROR;
				GCC_WARN_UNDECLARED_SELECTOR = YES;
				GCC_WARN_UNINITIALIZED_AUTOS = YES_AGGRESSIVE;
				GCC_WARN_UNUSED_FUNCTION = YES;
				GCC_WARN_UNUSED_VARIABLE = YES;
				IPHONEOS_DEPLOYMENT_TARGET = 13.2;
				MTL_ENABLE_DEBUG_INFO = INCLUDE_SOURCE;
				MTL_FAST_MATH = YES;
				ONLY_ACTIVE_ARCH = YES;
				SDKROOT = iphoneos;
				SWIFT_ACTIVE_COMPILATION_CONDITIONS = DEBUG;
				SWIFT_OPTIMIZATION_LEVEL = "-Onone";
			};
			name = Debug;
		};
		DAA8B2ED25E4E4E600E6AC1A /* Release */ = {
			isa = XCBuildConfiguration;
			buildSettings = {
				ALWAYS_SEARCH_USER_PATHS = NO;
				CLANG_ANALYZER_NONNULL = YES;
				CLANG_ANALYZER_NUMBER_OBJECT_CONVERSION = YES_AGGRESSIVE;
				CLANG_CXX_LANGUAGE_STANDARD = "gnu++14";
				CLANG_CXX_LIBRARY = "libc++";
				CLANG_ENABLE_MODULES = YES;
				CLANG_ENABLE_OBJC_ARC = YES;
				CLANG_ENABLE_OBJC_WEAK = YES;
				CLANG_WARN_BLOCK_CAPTURE_AUTORELEASING = YES;
				CLANG_WARN_BOOL_CONVERSION = YES;
				CLANG_WARN_COMMA = YES;
				CLANG_WARN_CONSTANT_CONVERSION = YES;
				CLANG_WARN_DEPRECATED_OBJC_IMPLEMENTATIONS = YES;
				CLANG_WARN_DIRECT_OBJC_ISA_USAGE = YES_ERROR;
				CLANG_WARN_DOCUMENTATION_COMMENTS = YES;
				CLANG_WARN_EMPTY_BODY = YES;
				CLANG_WARN_ENUM_CONVERSION = YES;
				CLANG_WARN_INFINITE_RECURSION = YES;
				CLANG_WARN_INT_CONVERSION = YES;
				CLANG_WARN_NON_LITERAL_NULL_CONVERSION = YES;
				CLANG_WARN_OBJC_IMPLICIT_RETAIN_SELF = YES;
				CLANG_WARN_OBJC_LITERAL_CONVERSION = YES;
				CLANG_WARN_OBJC_ROOT_CLASS = YES_ERROR;
				CLANG_WARN_RANGE_LOOP_ANALYSIS = YES;
				CLANG_WARN_STRICT_PROTOTYPES = YES;
				CLANG_WARN_SUSPICIOUS_MOVE = YES;
				CLANG_WARN_UNGUARDED_AVAILABILITY = YES_AGGRESSIVE;
				CLANG_WARN_UNREACHABLE_CODE = YES;
				CLANG_WARN__DUPLICATE_METHOD_MATCH = YES;
				COPY_PHASE_STRIP = NO;
				DEBUG_INFORMATION_FORMAT = "dwarf-with-dsym";
				ENABLE_NS_ASSERTIONS = NO;
				ENABLE_STRICT_OBJC_MSGSEND = YES;
				GCC_C_LANGUAGE_STANDARD = gnu11;
				GCC_NO_COMMON_BLOCKS = YES;
				GCC_WARN_64_TO_32_BIT_CONVERSION = YES;
				GCC_WARN_ABOUT_RETURN_TYPE = YES_ERROR;
				GCC_WARN_UNDECLARED_SELECTOR = YES;
				GCC_WARN_UNINITIALIZED_AUTOS = YES_AGGRESSIVE;
				GCC_WARN_UNUSED_FUNCTION = YES;
				GCC_WARN_UNUSED_VARIABLE = YES;
				IPHONEOS_DEPLOYMENT_TARGET = 13.2;
				MTL_ENABLE_DEBUG_INFO = NO;
				MTL_FAST_MATH = YES;
				SDKROOT = iphoneos;
				SWIFT_COMPILATION_MODE = wholemodule;
				SWIFT_OPTIMIZATION_LEVEL = "-O";
				VALIDATE_PRODUCT = YES;
			};
			name = Release;
		};
		DAA8B2EF25E4E4E600E6AC1A /* Debug */ = {
			isa = XCBuildConfiguration;
			baseConfigurationReference = 95D6C3E0C82CD5CC8889B01B /* Pods-JFDemo.debug.xcconfig */;
			buildSettings = {
				ASSETCATALOG_COMPILER_APPICON_NAME = AppIcon;
				CLANG_ENABLE_MODULES = YES;
				CODE_SIGN_STYLE = Automatic;
				INFOPLIST_FILE = JFDemo/Info.plist;
				LD_RUNPATH_SEARCH_PATHS = (
					"$(inherited)",
					"@executable_path/Frameworks",
				);
				PRODUCT_BUNDLE_IDENTIFIER = orz.jiafei.JFDemo;
				PRODUCT_NAME = "$(TARGET_NAME)";
				SWIFT_OBJC_BRIDGING_HEADER = "JFDemo/Test/JFDemo-Bridging-Header.h";
				SWIFT_OPTIMIZATION_LEVEL = "-Onone";
				SWIFT_VERSION = 5.0;
				TARGETED_DEVICE_FAMILY = "1,2";
			};
			name = Debug;
		};
		DAA8B2F025E4E4E600E6AC1A /* Release */ = {
			isa = XCBuildConfiguration;
			baseConfigurationReference = A5BDC09F132E8FC69017E1C6 /* Pods-JFDemo.release.xcconfig */;
			buildSettings = {
				ASSETCATALOG_COMPILER_APPICON_NAME = AppIcon;
				CLANG_ENABLE_MODULES = YES;
				CODE_SIGN_STYLE = Automatic;
				INFOPLIST_FILE = JFDemo/Info.plist;
				LD_RUNPATH_SEARCH_PATHS = (
					"$(inherited)",
					"@executable_path/Frameworks",
				);
				PRODUCT_BUNDLE_IDENTIFIER = orz.jiafei.JFDemo;
				PRODUCT_NAME = "$(TARGET_NAME)";
				SWIFT_OBJC_BRIDGING_HEADER = "JFDemo/Test/JFDemo-Bridging-Header.h";
				SWIFT_VERSION = 5.0;
				TARGETED_DEVICE_FAMILY = "1,2";
			};
			name = Release;
		};
/* End XCBuildConfiguration section */

/* Begin XCConfigurationList section */
		DAA8B2D525E4E4E100E6AC1A /* Build configuration list for PBXProject "JFDemo" */ = {
			isa = XCConfigurationList;
			buildConfigurations = (
				DAA8B2EC25E4E4E600E6AC1A /* Debug */,
				DAA8B2ED25E4E4E600E6AC1A /* Release */,
			);
			defaultConfigurationIsVisible = 0;
			defaultConfigurationName = Release;
		};
		DAA8B2EE25E4E4E600E6AC1A /* Build configuration list for PBXNativeTarget "JFDemo" */ = {
			isa = XCConfigurationList;
			buildConfigurations = (
				DAA8B2EF25E4E4E600E6AC1A /* Debug */,
				DAA8B2F025E4E4E600E6AC1A /* Release */,
			);
			defaultConfigurationIsVisible = 0;
			defaultConfigurationName = Release;
		};
/* End XCConfigurationList section */
	};
	rootObject = DAA8B2D225E4E4E100E6AC1A /* Project object */;
}
