// !$*UTF8*$!
{
	archiveVersion = 1;
	classes = {
	};
	objectVersion = 50;
	objects = {

/* Begin PBXBuildFile section */
		DAA8B2DE25E4E4E100E6AC1A /* AppDelegate.swift in Sources */ = {isa = PBXBuildFile; fileRef = DAA8B2DD25E4E4E100E6AC1A /* AppDelegate.swift */; };
		DAA8B2E025E4E4E100E6AC1A /* SceneDelegate.swift in Sources */ = {isa = PBXBuildFile; fileRef = DAA8B2DF25E4E4E100E6AC1A /* SceneDelegate.swift */; };
		DAA8B2E225E4E4E100E6AC1A /* ViewController.swift in Sources */ = {isa = PBXBuildFile; fileRef = DAA8B2E125E4E4E100E6AC1A /* ViewController.swift */; };
		DAA8B2E525E4E4E100E6AC1A /* Main.storyboard in Resources */ = {isa = PBXBuildFile; fileRef = DAA8B2E325E4E4E100E6AC1A /* Main.storyboard */; };
		DAA8B2E725E4E4E600E6AC1A /* Assets.xcassets in Resources */ = {isa = PBXBuildFile; fileRef = DAA8B2E625E4E4E600E6AC1A /* Assets.xcassets */; };
		DAA8B2EA25E4E4E600E6AC1A /* LaunchScreen.storyboard in Resources */ = {isa = PBXBuildFile; fileRef = DAA8B2E825E4E4E600E6AC1A /* LaunchScreen.storyboard */; };
/* End PBXBuildFile section */

/* Begin PBXFileReference section */
		DAA8B2DA25E4E4E100E6AC1A /* JFDemo.app */ = {isa = PBXFileReference; explicitFileType = wrapper.application; includeInIndex = 0; path = JFDemo.app; sourceTree = BUILT_PRODUCTS_DIR; };
		DAA8B2DD25E4E4E100E6AC1A /* AppDelegate.swift */ = {isa = PBXFileReference; lastKnownFileType = sourcecode.swift; path = AppDelegate.swift; sourceTree = "<group>"; };
		DAA8B2DF25E4E4E100E6AC1A /* SceneDelegate.swift */ = {isa = PBXFileReference; lastKnownFileType = sourcecode.swift; path = SceneDelegate.swift; sourceTree = "<group>"; };
		DAA8B2E125E4E4E100E6AC1A /* ViewController.swift */ = {isa = PBXFileReference; lastKnownFileType = sourcecode.swift; path = ViewController.swift; sourceTree = "<group>"; };
		DAA8B2E425E4E4E100E6AC1A /* Base */ = {isa = PBXFileReference; lastKnownFileType = file.storyboard; name = Base; path = Base.lproj/Main.storyboard; sourceTree = "<group>"; };
		DAA8B2E625E4E4E600E6AC1A /* Assets.xcassets */ = {isa = PBXFileReference; lastKnownFileType = folder.assetcatalog; path = Assets.xcassets; sourceTree = "<group>"; };
		DAA8B2E925E4E4E600E6AC1A /* Base */ = {isa = PBXFileReference; lastKnownFileType = file.storyboard; name = Base; path = Base.lproj/LaunchScreen.storyboard; sourceTree = "<group>"; };
		DAA8B2EB25E4E4E600E6AC1A /* Info.plist */ = {isa = PBXFileReference; lastKnownFileType = text.plist.xml; path = Info.plist; sourceTree = "<group>"; };
/* End PBXFileReference section */

/* Begin PBXFrameworksBuildPhase section */
		DAA8B2D725E4E4E100E6AC1A /* Frameworks */ = {
			isa = PBXFrameworksBuildPhase;
			buildActionMask = 2147483647;
			files = (
			);
			runOnlyForDeploymentPostprocessing = 0;
		};
/* End PBXFrameworksBuildPhase section */

/* Begin PBXGroup section */
		DAA8B2D125E4E4E100E6AC1A = {
			isa = PBXGroup;
			children = (
				DAA8B2DC25E4E4E100E6AC1A /* JFDemo */,
				DAA8B2DB25E4E4E100E6AC1A /* Products */,
			);
			sourceTree = "<group>";
		};
		DAA8B2DB25E4E4E100E6AC1A /* Products */ = {
			isa = PBXGroup;
			children = (
				DAA8B2DA25E4E4E100E6AC1A /* JFDemo.app */,
			);
			name = Products;
			sourceTree = "<group>";
		};
		DAA8B2DC25E4E4E100E6AC1A /* JFDemo */ = {
			isa = PBXGroup;
			children = (
				DAA8B2DD25E4E4E100E6AC1A /* AppDelegate.swift */,
				DAA8B2DF25E4E4E100E6AC1A /* SceneDelegate.swift */,
				DAA8B2E125E4E4E100E6AC1A /* ViewController.swift */,
				DAA8B2E325E4E4E100E6AC1A /* Main.storyboard */,
				DAA8B2E625E4E4E600E6AC1A /* Assets.xcassets */,
				DAA8B2E825E4E4E600E6AC1A /* LaunchScreen.storyboard */,
				DAA8B2EB25E4E4E600E6AC1A /* Info.plist */,
			);
			path = JFDemo;
			sourceTree = "<group>";
		};
/* End PBXGroup section */

/* Begin PBXNativeTarget section */
		DAA8B2D925E4E4E100E6AC1A /* JFDemo */ = {
			isa = PBXNativeTarget;
			buildConfigurationList = DAA8B2EE25E4E4E600E6AC1A /* Build configuration list for PBXNativeTarget "JFDemo" */;
			buildPhases = (
				DAA8B2D625E4E4E100E6AC1A /* Sources */,
				DAA8B2D725E4E4E100E6AC1A /* Frameworks */,
				DAA8B2D825E4E4E100E6AC1A /* Resources */,
			);
			buildRules = (
			);
			dependencies = (
			);
			name = JFDemo;
			productName = JFDemo;
			productReference = DAA8B2DA25E4E4E100E6AC1A /* JFDemo.app */;
			productType = "com.apple.product-type.application";
		};
/* End PBXNativeTarget section */

/* Begin PBXProject section */
		DAA8B2D225E4E4E100E6AC1A /* Project object */ = {
			isa = PBXProject;
			attributes = {
				LastSwiftUpdateCheck = 1130;
				LastUpgradeCheck = 1130;
				ORGANIZATIONNAME = shenjiafei;
				TargetAttributes = {
					DAA8B2D925E4E4E100E6AC1A = {
						CreatedOnToolsVersion = 11.3.1;
					};
				};
			};
			buildConfigurationList = DAA8B2D525E4E4E100E6AC1A /* Build configuration list for PBXProject "JFDemo" */;
			compatibilityVersion = "Xcode 9.3";
			developmentRegion = en;
			hasScannedForEncodings = 0;
			knownRegions = (
				en,
				Base,
			);
			mainGroup = DAA8B2D125E4E4E100E6AC1A;
			productRefGroup = DAA8B2DB25E4E4E100E6AC1A /* Products */;
			projectDirPath = "";
			projectRoot = "";
			targets = (
				DAA8B2D925E4E4E100E6AC1A /* JFDemo */,
			);
		};
/* End PBXProject section */

/* Begin PBXResourcesBuildPhase section */
		DAA8B2D825E4E4E100E6AC1A /* Resources */ = {
			isa = PBXResourcesBuildPhase;
			buildActionMask = 2147483647;
			files = (
				DAA8B2EA25E4E4E600E6AC1A /* LaunchScreen.storyboard in Resources */,
				DAA8B2E725E4E4E600E6AC1A /* Assets.xcassets in Resources */,
				DAA8B2E525E4E4E100E6AC1A /* Main.storyboard in Resources */,
			);
			runOnlyForDeploymentPostprocessing = 0;
		};
/* End PBXResourcesBuildPhase section */

/* Begin PBXSourcesBuildPhase section */
		DAA8B2D625E4E4E100E6AC1A /* Sources */ = {
			isa = PBXSourcesBuildPhase;
			buildActionMask = 2147483647;
			files = (
				DAA8B2E225E4E4E100E6AC1A /* ViewController.swift in Sources */,
				DAA8B2DE25E4E4E100E6AC1A /* AppDelegate.swift in Sources */,
				DAA8B2E025E4E4E100E6AC1A /* SceneDelegate.swift in Sources */,
			);
			runOnlyForDeploymentPostprocessing = 0;
		};
/* End PBXSourcesBuildPhase section */

/* Begin PBXVariantGroup section */
		DAA8B2E325E4E4E100E6AC1A /* Main.storyboard */ = {
			isa = PBXVariantGroup;
			children = (
				DAA8B2E425E4E4E100E6AC1A /* Base */,
			);
			name = Main.storyboard;
			sourceTree = "<group>";
		};
		DAA8B2E825E4E4E600E6AC1A /* LaunchScreen.storyboard */ = {
			isa = PBXVariantGroup;
			children = (
				DAA8B2E925E4E4E600E6AC1A /* Base */,
			);
			name = LaunchScreen.storyboard;
			sourceTree = "<group>";
		};
/* End PBXVariantGroup section */

/* Begin XCBuildConfiguration section */
		DAA8B2EC25E4E4E600E6AC1A /* Debug */ = {
			isa = XCBuildConfiguration;
			buildSettings = {
				ALWAYS_SEARCH_USER_PATHS = NO;
				CLANG_ANALYZER_NONNULL = YES;
				CLANG_ANALYZER_NUMBER_OBJECT_CONVERSION = YES_AGGRESSIVE;
				CLANG_CXX_LANGUAGE_STANDARD = "gnu++14";
				CLANG_CXX_LIBRARY = "libc++";
				CLANG_ENABLE_MODULES = YES;
				CLANG_ENABLE_OBJC_ARC = YES;
				CLANG_ENABLE_OBJC_WEAK = YES;
				CLANG_WARN_BLOCK_CAPTURE_AUTORELEASING = YES;
				CLANG_WARN_BOOL_CONVERSION = YES;
				CLANG_WARN_COMMA = YES;
				CLANG_WARN_CONSTANT_CONVERSION = YES;
				CLANG_WARN_DEPRECATED_OBJC_IMPLEMENTATIONS = YES;
				CLANG_WARN_DIRECT_OBJC_ISA_USAGE = YES_ERROR;
				CLANG_WARN_DOCUMENTATION_COMMENTS = YES;
				CLANG_WARN_EMPTY_BODY = YES;
				CLANG_WARN_ENUM_CONVERSION = YES;
				CLANG_WARN_INFINITE_RECURSION = YES;
				CLANG_WARN_INT_CONVERSION = YES;
				CLANG_WARN_NON_LITERAL_NULL_CONVERSION = YES;
				CLANG_WARN_OBJC_IMPLICIT_RETAIN_SELF = YES;
				CLANG_WARN_OBJC_LITERAL_CONVERSION = YES;
				CLANG_WARN_OBJC_ROOT_CLASS = YES_ERROR;
				CLANG_WARN_RANGE_LOOP_ANALYSIS = YES;
				CLANG_WARN_STRICT_PROTOTYPES = YES;
				CLANG_WARN_SUSPICIOUS_MOVE = YES;
				CLANG_WARN_UNGUARDED_AVAILABILITY = YES_AGGRESSIVE;
				CLANG_WARN_UNREACHABLE_CODE = YES;
				CLANG_WARN__DUPLICATE_METHOD_MATCH = YES;
				COPY_PHASE_STRIP = NO;
				DEBUG_INFORMATION_FORMAT = dwarf;
				ENABLE_STRICT_OBJC_MSGSEND = YES;
				ENABLE_TESTABILITY = YES;
				GCC_C_LANGUAGE_STANDARD = gnu11;
				GCC_DYNAMIC_NO_PIC = NO;
				GCC_NO_COMMON_BLOCKS = YES;
				GCC_OPTIMIZATION_LEVEL = 0;
				GCC_PREPROCESSOR_DEFINITIONS = (
					"DEBUG=1",
					"$(inherited)",
				);
				GCC_WARN_64_TO_32_BIT_CONVERSION = YES;
				GCC_WARN_ABOUT_RETURN_TYPE = YES_ERROR;
				GCC_WARN_UNDECLARED_SELECTOR = YES;
				GCC_WARN_UNINITIALIZED_AUTOS = YES_AGGRESSIVE;
				GCC_WARN_UNUSED_FUNCTION = YES;
				GCC_WARN_UNUSED_VARIABLE = YES;
				IPHONEOS_DEPLOYMENT_TARGET = 13.2;
				MTL_ENABLE_DEBUG_INFO = INCLUDE_SOURCE;
				MTL_FAST_MATH = YES;
				ONLY_ACTIVE_ARCH = YES;
				SDKROOT = iphoneos;
				SWIFT_ACTIVE_COMPILATION_CONDITIONS = DEBUG;
				SWIFT_OPTIMIZATION_LEVEL = "-Onone";
			};
			name = Debug;
		};
		DAA8B2ED25E4E4E600E6AC1A /* Release */ = {
			isa = XCBuildConfiguration;
			buildSettings = {
				ALWAYS_SEARCH_USER_PATHS = NO;
				CLANG_ANALYZER_NONNULL = YES;
				CLANG_ANALYZER_NUMBER_OBJECT_CONVERSION = YES_AGGRESSIVE;
				CLANG_CXX_LANGUAGE_STANDARD = "gnu++14";
				CLANG_CXX_LIBRARY = "libc++";
				CLANG_ENABLE_MODULES = YES;
				CLANG_ENABLE_OBJC_ARC = YES;
				CLANG_ENABLE_OBJC_WEAK = YES;
				CLANG_WARN_BLOCK_CAPTURE_AUTORELEASING = YES;
				CLANG_WARN_BOOL_CONVERSION = YES;
				CLANG_WARN_COMMA = YES;
				CLANG_WARN_CONSTANT_CONVERSION = YES;
				CLANG_WARN_DEPRECATED_OBJC_IMPLEMENTATIONS = YES;
				CLANG_WARN_DIRECT_OBJC_ISA_USAGE = YES_ERROR;
				CLANG_WARN_DOCUMENTATION_COMMENTS = YES;
				CLANG_WARN_EMPTY_BODY = YES;
				CLANG_WARN_ENUM_CONVERSION = YES;
				CLANG_WARN_INFINITE_RECURSION = YES;
				CLANG_WARN_INT_CONVERSION = YES;
				CLANG_WARN_NON_LITERAL_NULL_CONVERSION = YES;
				CLANG_WARN_OBJC_IMPLICIT_RETAIN_SELF = YES;
				CLANG_WARN_OBJC_LITERAL_CONVERSION = YES;
				CLANG_WARN_OBJC_ROOT_CLASS = YES_ERROR;
				CLANG_WARN_RANGE_LOOP_ANALYSIS = YES;
				CLANG_WARN_STRICT_PROTOTYPES = YES;
				CLANG_WARN_SUSPICIOUS_MOVE = YES;
				CLANG_WARN_UNGUARDED_AVAILABILITY = YES_AGGRESSIVE;
				CLANG_WARN_UNREACHABLE_CODE = YES;
				CLANG_WARN__DUPLICATE_METHOD_MATCH = YES;
				COPY_PHASE_STRIP = NO;
				DEBUG_INFORMATION_FORMAT = "dwarf-with-dsym";
				ENABLE_NS_ASSERTIONS = NO;
				ENABLE_STRICT_OBJC_MSGSEND = YES;
				GCC_C_LANGUAGE_STANDARD = gnu11;
				GCC_NO_COMMON_BLOCKS = YES;
				GCC_WARN_64_TO_32_BIT_CONVERSION = YES;
				GCC_WARN_ABOUT_RETURN_TYPE = YES_ERROR;
				GCC_WARN_UNDECLARED_SELECTOR = YES;
				GCC_WARN_UNINITIALIZED_AUTOS = YES_AGGRESSIVE;
				GCC_WARN_UNUSED_FUNCTION = YES;
				GCC_WARN_UNUSED_VARIABLE = YES;
				IPHONEOS_DEPLOYMENT_TARGET = 13.2;
				MTL_ENABLE_DEBUG_INFO = NO;
				MTL_FAST_MATH = YES;
				SDKROOT = iphoneos;
				SWIFT_COMPILATION_MODE = wholemodule;
				SWIFT_OPTIMIZATION_LEVEL = "-O";
				VALIDATE_PRODUCT = YES;
			};
			name = Release;
		};
		DAA8B2EF25E4E4E600E6AC1A /* Debug */ = {
			isa = XCBuildConfiguration;
			buildSettings = {
				ASSETCATALOG_COMPILER_APPICON_NAME = AppIcon;
				CODE_SIGN_STYLE = Automatic;
				INFOPLIST_FILE = JFDemo/Info.plist;
				LD_RUNPATH_SEARCH_PATHS = (
					"$(inherited)",
					"@executable_path/Frameworks",
				);
				PRODUCT_BUNDLE_IDENTIFIER = orz.jiafei.JFDemo;
				PRODUCT_NAME = "$(TARGET_NAME)";
				SWIFT_VERSION = 5.0;
				TARGETED_DEVICE_FAMILY = "1,2";
			};
			name = Debug;
		};
		DAA8B2F025E4E4E600E6AC1A /* Release */ = {
			isa = XCBuildConfiguration;
			buildSettings = {
				ASSETCATALOG_COMPILER_APPICON_NAME = AppIcon;
				CODE_SIGN_STYLE = Automatic;
				INFOPLIST_FILE = JFDemo/Info.plist;
				LD_RUNPATH_SEARCH_PATHS = (
					"$(inherited)",
					"@executable_path/Frameworks",
				);
				PRODUCT_BUNDLE_IDENTIFIER = orz.jiafei.JFDemo;
				PRODUCT_NAME = "$(TARGET_NAME)";
				SWIFT_VERSION = 5.0;
				TARGETED_DEVICE_FAMILY = "1,2";
			};
			name = Release;
		};
/* End XCBuildConfiguration section */

/* Begin XCConfigurationList section */
		DAA8B2D525E4E4E100E6AC1A /* Build configuration list for PBXProject "JFDemo" */ = {
			isa = XCConfigurationList;
			buildConfigurations = (
				DAA8B2EC25E4E4E600E6AC1A /* Debug */,
				DAA8B2ED25E4E4E600E6AC1A /* Release */,
			);
			defaultConfigurationIsVisible = 0;
			defaultConfigurationName = Release;
		};
		DAA8B2EE25E4E4E600E6AC1A /* Build configuration list for PBXNativeTarget "JFDemo" */ = {
			isa = XCConfigurationList;
			buildConfigurations = (
				DAA8B2EF25E4E4E600E6AC1A /* Debug */,
				DAA8B2F025E4E4E600E6AC1A /* Release */,
			);
			defaultConfigurationIsVisible = 0;
			defaultConfigurationName = Release;
		};
/* End XCConfigurationList section */
	};
	rootObject = DAA8B2D225E4E4E100E6AC1A /* Project object */;
}
